// !$*UTF8*$!
{
	archiveVersion = 1;
	classes = {
	};
	objectVersion = 56;
	objects = {

/* Begin PBXBuildFile section */
		6702DCA02AED20040066FAE9 /* NotificationService.swift in Sources */ = {isa = PBXBuildFile; fileRef = 6702DC9F2AED20040066FAE9 /* NotificationService.swift */; };
		6702DCA32AED86FB0066FAE9 /* LessonType.swift in Sources */ = {isa = PBXBuildFile; fileRef = 6702DCA22AED86FB0066FAE9 /* LessonType.swift */; };
		670DBBD22AF3CBA600172D72 /* SplashView.swift in Sources */ = {isa = PBXBuildFile; fileRef = 670DBBD12AF3CBA600172D72 /* SplashView.swift */; };
		670DBBD42AF3CE8B00172D72 /* SplashViewModel.swift in Sources */ = {isa = PBXBuildFile; fileRef = 670DBBD32AF3CE8B00172D72 /* SplashViewModel.swift */; };
		671287C22ACE878C00EF5CF5 /* Date+Extension.swift in Sources */ = {isa = PBXBuildFile; fileRef = 671287C12ACE878C00EF5CF5 /* Date+Extension.swift */; };
		671287C82ACE910000EF5CF5 /* RozkladModel.swift in Sources */ = {isa = PBXBuildFile; fileRef = 671287C72ACE910000EF5CF5 /* RozkladModel.swift */; };
		671287CE2ACEB28D00EF5CF5 /* DayCellView.swift in Sources */ = {isa = PBXBuildFile; fileRef = 671287CD2ACEB28D00EF5CF5 /* DayCellView.swift */; };
		671287D12ACEB66F00EF5CF5 /* ScheduleView.swift in Sources */ = {isa = PBXBuildFile; fileRef = 671287D02ACEB66F00EF5CF5 /* ScheduleView.swift */; };
		671287D32ACEB7E100EF5CF5 /* DayCellViewModel.swift in Sources */ = {isa = PBXBuildFile; fileRef = 671287D22ACEB7E100EF5CF5 /* DayCellViewModel.swift */; };
		671287D62ACED88100EF5CF5 /* DayCollectionView.swift in Sources */ = {isa = PBXBuildFile; fileRef = 671287D52ACED88100EF5CF5 /* DayCollectionView.swift */; };
		671287D82ACED9BD00EF5CF5 /* DayCollectionViewModel.swift in Sources */ = {isa = PBXBuildFile; fileRef = 671287D72ACED9BD00EF5CF5 /* DayCollectionViewModel.swift */; };
		6713616D2AC691BB00B78C42 /* ChoiceViewModel.swift in Sources */ = {isa = PBXBuildFile; fileRef = 6713616C2AC691BB00B78C42 /* ChoiceViewModel.swift */; };
		671361722AC69C3300B78C42 /* SelectListView.swift in Sources */ = {isa = PBXBuildFile; fileRef = 671361712AC69C3300B78C42 /* SelectListView.swift */; };
		671361762AC69C4E00B78C42 /* SelectListViewModel.swift in Sources */ = {isa = PBXBuildFile; fileRef = 671361752AC69C4E00B78C42 /* SelectListViewModel.swift */; };
		671BE11A2ACD9C3000310DA4 /* UINavigationController+Extension.swift in Sources */ = {isa = PBXBuildFile; fileRef = 671BE1192ACD9C3000310DA4 /* UINavigationController+Extension.swift */; };
		672142D02ACC7ADB007FB14D /* loaderAnimation.json in Resources */ = {isa = PBXBuildFile; fileRef = 672142CF2ACC7ADB007FB14D /* loaderAnimation.json */; };
		67246B5E2ACD59DF0067D009 /* View+Extension.swift in Sources */ = {isa = PBXBuildFile; fileRef = 67246B5D2ACD59DF0067D009 /* View+Extension.swift */; };
		67246B602ACD620D0067D009 /* LoaderView.swift in Sources */ = {isa = PBXBuildFile; fileRef = 67246B5F2ACD620D0067D009 /* LoaderView.swift */; };
		673014632AE0ED1300DC52E4 /* checkmark.json in Resources */ = {isa = PBXBuildFile; fileRef = 673014622AE0ED1300DC52E4 /* checkmark.json */; };
		673014652AE0ED4200DC52E4 /* criss-cross.json in Resources */ = {isa = PBXBuildFile; fileRef = 673014642AE0ED4200DC52E4 /* criss-cross.json */; };
		673014672AE0EDA700DC52E4 /* SavePopUpView.swift in Sources */ = {isa = PBXBuildFile; fileRef = 673014662AE0EDA700DC52E4 /* SavePopUpView.swift */; };
		674D5A1C2AD0026900558E5A /* DayEntity.swift in Sources */ = {isa = PBXBuildFile; fileRef = 674D5A1B2AD0026900558E5A /* DayEntity.swift */; };
		674D5A202AD1946000558E5A /* RozkladCellView.swift in Sources */ = {isa = PBXBuildFile; fileRef = 674D5A1F2AD1946000558E5A /* RozkladCellView.swift */; };
		674D5A222AD1A49400558E5A /* RozkladCellViewModel.swift in Sources */ = {isa = PBXBuildFile; fileRef = 674D5A212AD1A49400558E5A /* RozkladCellViewModel.swift */; };
		674D5A242AD1AF1100558E5A /* RozkladListView.swift in Sources */ = {isa = PBXBuildFile; fileRef = 674D5A232AD1AF1100558E5A /* RozkladListView.swift */; };
		674D5A262AD1AF2400558E5A /* RozkladListViewModel.swift in Sources */ = {isa = PBXBuildFile; fileRef = 674D5A252AD1AF2400558E5A /* RozkladListViewModel.swift */; };
		674D5A282AD1DAD500558E5A /* RozkladEntity.swift in Sources */ = {isa = PBXBuildFile; fileRef = 674D5A272AD1DAD500558E5A /* RozkladEntity.swift */; };
		6752BFAC2AEEDC31006F981D /* MainOnboardingView.swift in Sources */ = {isa = PBXBuildFile; fileRef = 6752BFAB2AEEDC31006F981D /* MainOnboardingView.swift */; };
		6752BFB02AEEDCC7006F981D /* AnimatableShape.swift in Sources */ = {isa = PBXBuildFile; fileRef = 6752BFAF2AEEDCC7006F981D /* AnimatableShape.swift */; };
		6752BFB22AEEDCFF006F981D /* AnimationCompletion.swift in Sources */ = {isa = PBXBuildFile; fileRef = 6752BFB12AEEDCFF006F981D /* AnimationCompletion.swift */; };
		6760AF202AC5C06A000434A6 /* ScheduleSUICTApp.swift in Sources */ = {isa = PBXBuildFile; fileRef = 6760AF1F2AC5C06A000434A6 /* ScheduleSUICTApp.swift */; };
		6760AF222AC5C06A000434A6 /* ContentView.swift in Sources */ = {isa = PBXBuildFile; fileRef = 6760AF212AC5C06A000434A6 /* ContentView.swift */; };
		6760AF242AC5C06C000434A6 /* Assets.xcassets in Resources */ = {isa = PBXBuildFile; fileRef = 6760AF232AC5C06C000434A6 /* Assets.xcassets */; };
		6760AF272AC5C06C000434A6 /* Preview Assets.xcassets in Resources */ = {isa = PBXBuildFile; fileRef = 6760AF262AC5C06C000434A6 /* Preview Assets.xcassets */; };
		6760AF312AC5D716000434A6 /* Gilroy-Semibold.ttf in Resources */ = {isa = PBXBuildFile; fileRef = 6760AF302AC5D716000434A6 /* Gilroy-Semibold.ttf */; };
		6760AF332AC5D751000434A6 /* Gilroy-Regular.ttf in Resources */ = {isa = PBXBuildFile; fileRef = 6760AF322AC5D751000434A6 /* Gilroy-Regular.ttf */; };
		6760AF352AC5D75C000434A6 /* Gilroy-Medium.ttf in Resources */ = {isa = PBXBuildFile; fileRef = 6760AF342AC5D75C000434A6 /* Gilroy-Medium.ttf */; };
		6760AF382AC5D7FA000434A6 /* Gilroy-Light.ttf in Resources */ = {isa = PBXBuildFile; fileRef = 6760AF372AC5D7FA000434A6 /* Gilroy-Light.ttf */; };
		6760AF3B2AC5D929000434A6 /* Font+Extension.swift in Sources */ = {isa = PBXBuildFile; fileRef = 6760AF3A2AC5D929000434A6 /* Font+Extension.swift */; };
		6760AF3D2AC5DBAD000434A6 /* Color+Extension.swift in Sources */ = {isa = PBXBuildFile; fileRef = 6760AF3C2AC5DBAD000434A6 /* Color+Extension.swift */; };
		6760AF402AC5DDCF000434A6 /* Lottie.swift in Sources */ = {isa = PBXBuildFile; fileRef = 6760AF3F2AC5DDCF000434A6 /* Lottie.swift */; };
		6760AF472AC5DE8E000434A6 /* ChoiceView.swift in Sources */ = {isa = PBXBuildFile; fileRef = 6760AF462AC5DE8E000434A6 /* ChoiceView.swift */; };
		6760AF492AC5DEAD000434A6 /* ChoiceCardView.swift in Sources */ = {isa = PBXBuildFile; fileRef = 6760AF482AC5DEAD000434A6 /* ChoiceCardView.swift */; };
		6760AF4C2AC5E019000434A6 /* studentAnimation.json in Resources */ = {isa = PBXBuildFile; fileRef = 6760AF4B2AC5E019000434A6 /* studentAnimation.json */; };
		6760AF4E2AC5E037000434A6 /* teacherAnimation.json in Resources */ = {isa = PBXBuildFile; fileRef = 6760AF4D2AC5E037000434A6 /* teacherAnimation.json */; };
		6760AF512AC5E0A6000434A6 /* LottieHelper.swift in Sources */ = {isa = PBXBuildFile; fileRef = 6760AF502AC5E0A6000434A6 /* LottieHelper.swift */; };
		6764D6CD2AF7B33200BBA300 /* FirebaseAnalytics in Frameworks */ = {isa = PBXBuildFile; productRef = 6764D6CC2AF7B33200BBA300 /* FirebaseAnalytics */; };
		6764D6CF2AF7B33200BBA300 /* FirebaseAnalyticsOnDeviceConversion in Frameworks */ = {isa = PBXBuildFile; productRef = 6764D6CE2AF7B33200BBA300 /* FirebaseAnalyticsOnDeviceConversion */; };
		6764D6D12AF7B33200BBA300 /* FirebaseAnalyticsSwift in Frameworks */ = {isa = PBXBuildFile; productRef = 6764D6D02AF7B33200BBA300 /* FirebaseAnalyticsSwift */; };
		6764D6D32AF7B33200BBA300 /* FirebaseAnalyticsWithoutAdIdSupport in Frameworks */ = {isa = PBXBuildFile; productRef = 6764D6D22AF7B33200BBA300 /* FirebaseAnalyticsWithoutAdIdSupport */; };
		6764D6E92AF7B33200BBA300 /* FirebaseFirestoreSwift in Frameworks */ = {isa = PBXBuildFile; productRef = 6764D6E82AF7B33200BBA300 /* FirebaseFirestoreSwift */; };
		6764D7042AF7B3A400BBA300 /* FirebaseCrashlytics in Frameworks */ = {isa = PBXBuildFile; productRef = 6764D7032AF7B3A400BBA300 /* FirebaseCrashlytics */; };
		678ED20B2ADEFBF7001F4E79 /* StorageService.swift in Sources */ = {isa = PBXBuildFile; fileRef = 678ED20A2ADEFBF7001F4E79 /* StorageService.swift */; };
		679856C22AD6A81300F25DCD /* ScrollIndicatorHidden.swift in Sources */ = {isa = PBXBuildFile; fileRef = 679856C12AD6A81300F25DCD /* ScrollIndicatorHidden.swift */; };
		679856C42AD7D59700F25DCD /* ScrollViewWithOffset.swift in Sources */ = {isa = PBXBuildFile; fileRef = 679856C32AD7D59700F25DCD /* ScrollViewWithOffset.swift */; };
		679856CA2ADBE27600F25DCD /* EmptyLessonsView.swift in Sources */ = {isa = PBXBuildFile; fileRef = 679856C92ADBE27600F25DCD /* EmptyLessonsView.swift */; };
		679856DB2ADC048800F25DCD /* animation1.json in Resources */ = {isa = PBXBuildFile; fileRef = 679856CE2ADC048700F25DCD /* animation1.json */; };
		679856F52ADC0EDA00F25DCD /* animation2.json in Resources */ = {isa = PBXBuildFile; fileRef = 679856E92ADC0ED900F25DCD /* animation2.json */; };
		679856F72ADC0EDA00F25DCD /* animation8.json in Resources */ = {isa = PBXBuildFile; fileRef = 679856EB2ADC0ED900F25DCD /* animation8.json */; };
		679856F82ADC0EDA00F25DCD /* animation11.json in Resources */ = {isa = PBXBuildFile; fileRef = 679856EC2ADC0ED900F25DCD /* animation11.json */; };
		679856F92ADC0EDA00F25DCD /* animation12.json in Resources */ = {isa = PBXBuildFile; fileRef = 679856ED2ADC0ED900F25DCD /* animation12.json */; };
		679856FA2ADC0EDA00F25DCD /* animation13.json in Resources */ = {isa = PBXBuildFile; fileRef = 679856EE2ADC0ED900F25DCD /* animation13.json */; };
		679856FB2ADC0EDA00F25DCD /* animation10.json in Resources */ = {isa = PBXBuildFile; fileRef = 679856EF2ADC0ED900F25DCD /* animation10.json */; };
		679856FC2ADC0EDA00F25DCD /* animation6.json in Resources */ = {isa = PBXBuildFile; fileRef = 679856F02ADC0ED900F25DCD /* animation6.json */; };
		679856FD2ADC0EDA00F25DCD /* animation9.json in Resources */ = {isa = PBXBuildFile; fileRef = 679856F12ADC0ED900F25DCD /* animation9.json */; };
		679857022ADC5D8000F25DCD /* animationNetrorkError.json in Resources */ = {isa = PBXBuildFile; fileRef = 679857012ADC5D8000F25DCD /* animationNetrorkError.json */; };
		679857042ADE5F5000F25DCD /* NetworkErrorView.swift in Sources */ = {isa = PBXBuildFile; fileRef = 679857032ADE5F5000F25DCD /* NetworkErrorView.swift */; };
		67A25F352AF027EA00DFC783 /* RozkladDetailView.swift in Sources */ = {isa = PBXBuildFile; fileRef = 67A25F342AF027EA00DFC783 /* RozkladDetailView.swift */; };
		67ACF9CE2AE19BE7005E54E4 /* auditoryAnimation.json in Resources */ = {isa = PBXBuildFile; fileRef = 67ACF9CD2AE19BE7005E54E4 /* auditoryAnimation.json */; };
		67ACF9D02AE19BFC005E54E4 /* freeAuditoryAnimation.json in Resources */ = {isa = PBXBuildFile; fileRef = 67ACF9CF2AE19BFC005E54E4 /* freeAuditoryAnimation.json */; };
		67ACF9D32AE2401B005E54E4 /* SwiftSoup in Frameworks */ = {isa = PBXBuildFile; productRef = 67ACF9D22AE2401B005E54E4 /* SwiftSoup */; };
		67ACF9DA2AE2DB3D005E54E4 /* AuditoryEntity.swift in Sources */ = {isa = PBXBuildFile; fileRef = 67ACF9D92AE2DB3D005E54E4 /* AuditoryEntity.swift */; };
		67ACF9DF2AE2E10A005E54E4 /* SelectAuditoryView.swift in Sources */ = {isa = PBXBuildFile; fileRef = 67ACF9DE2AE2E10A005E54E4 /* SelectAuditoryView.swift */; };
		67ACF9E12AE2E137005E54E4 /* SelectAuditoryViewModel.swift in Sources */ = {isa = PBXBuildFile; fileRef = 67ACF9E02AE2E137005E54E4 /* SelectAuditoryViewModel.swift */; };
		67ACF9E32AE417BE005E54E4 /* SelectAuditoryListView.swift in Sources */ = {isa = PBXBuildFile; fileRef = 67ACF9E22AE417BE005E54E4 /* SelectAuditoryListView.swift */; };
		67ACF9E52AE417D1005E54E4 /* SelectAuditoryListViewModel.swift in Sources */ = {isa = PBXBuildFile; fileRef = 67ACF9E42AE417D1005E54E4 /* SelectAuditoryListViewModel.swift */; };
		67B3FBDC2AC6A3B500366366 /* Gilroy-Bold.ttf in Resources */ = {isa = PBXBuildFile; fileRef = 67B3FBDB2AC6A3B500366366 /* Gilroy-Bold.ttf */; };
		67B3FBDF2AC6D02700366366 /* NetworkLayer.swift in Sources */ = {isa = PBXBuildFile; fileRef = 67B3FBDE2AC6D02700366366 /* NetworkLayer.swift */; };
		67B3FBE12AC6DF7100366366 /* NetworkManager.swift in Sources */ = {isa = PBXBuildFile; fileRef = 67B3FBE02AC6DF7100366366 /* NetworkManager.swift */; };
		67B3FBE32AC6E61A00366366 /* SelectItemView.swift in Sources */ = {isa = PBXBuildFile; fileRef = 67B3FBE22AC6E61A00366366 /* SelectItemView.swift */; };
		67B3FBE52AC6E62D00366366 /* SelectItemViewModel.swift in Sources */ = {isa = PBXBuildFile; fileRef = 67B3FBE42AC6E62D00366366 /* SelectItemViewModel.swift */; };
		67B3FBE82AC6F4E900366366 /* FacultyModel.swift in Sources */ = {isa = PBXBuildFile; fileRef = 67B3FBE72AC6F4E900366366 /* FacultyModel.swift */; };
		67B7D3C32AEEC6D200764B87 /* OnboardingPageView.swift in Sources */ = {isa = PBXBuildFile; fileRef = 67B7D3C22AEEC6D200764B87 /* OnboardingPageView.swift */; };
		67B7D3C52AEEC6F200764B87 /* OnboardingPageData.swift in Sources */ = {isa = PBXBuildFile; fileRef = 67B7D3C42AEEC6F200764B87 /* OnboardingPageData.swift */; };
		67B7D3CA2AEECA1C00764B87 /* OnboardingView.swift in Sources */ = {isa = PBXBuildFile; fileRef = 67B7D3C92AEECA1C00764B87 /* OnboardingView.swift */; };
		67C186A22AE63C5C0028B922 /* TextFieldClearButton.swift in Sources */ = {isa = PBXBuildFile; fileRef = 67C186A12AE63C5C0028B922 /* TextFieldClearButton.swift */; };
		67C186A52AE6874D0028B922 /* ShareSheetView.swift in Sources */ = {isa = PBXBuildFile; fileRef = 67C186A42AE6874D0028B922 /* ShareSheetView.swift */; };
		67C186A82AE920A50028B922 /* SelectTeacherView.swift in Sources */ = {isa = PBXBuildFile; fileRef = 67C186A72AE920A50028B922 /* SelectTeacherView.swift */; };
		67C186AA2AE920AF0028B922 /* SelectTeacherViewModel.swift in Sources */ = {isa = PBXBuildFile; fileRef = 67C186A92AE920AF0028B922 /* SelectTeacherViewModel.swift */; };
		67C186AC2AE98CC70028B922 /* String+Extension.swift in Sources */ = {isa = PBXBuildFile; fileRef = 67C186AB2AE98CC70028B922 /* String+Extension.swift */; };
		67D1867A2ACDD913003261BE /* ScheduleViewModel.swift in Sources */ = {isa = PBXBuildFile; fileRef = 67D186792ACDD913003261BE /* ScheduleViewModel.swift */; };
		67DF92592AD3FDEA004A5A14 /* Margin.swift in Sources */ = {isa = PBXBuildFile; fileRef = 67DF92582AD3FDEA004A5A14 /* Margin.swift */; };
		67E9398D2AC602E100AB47ED /* UserType.swift in Sources */ = {isa = PBXBuildFile; fileRef = 67E9398C2AC602E100AB47ED /* UserType.swift */; };
		67E939912AC6086400AB47ED /* ChoiceCardViewModel.swift in Sources */ = {isa = PBXBuildFile; fileRef = 67E939902AC6086400AB47ED /* ChoiceCardViewModel.swift */; };
		67EDEC8A2AC87C890003C3AD /* ChoiceEntity.swift in Sources */ = {isa = PBXBuildFile; fileRef = 67EDEC892AC87C890003C3AD /* ChoiceEntity.swift */; };
		67EDEC8D2AC87DB10003C3AD /* BaseEntity.swift in Sources */ = {isa = PBXBuildFile; fileRef = 67EDEC8C2AC87DB10003C3AD /* BaseEntity.swift */; };
		67EDEC902AC8B2760003C3AD /* Inactive.swift in Sources */ = {isa = PBXBuildFile; fileRef = 67EDEC8F2AC8B2760003C3AD /* Inactive.swift */; };
		67EDEC952AC996DD0003C3AD /* URLRequest+Extension.swift in Sources */ = {isa = PBXBuildFile; fileRef = 67EDEC942AC996DD0003C3AD /* URLRequest+Extension.swift */; };
		67EDEC982AC9B1120003C3AD /* GroupModel.swift in Sources */ = {isa = PBXBuildFile; fileRef = 67EDEC972AC9B1120003C3AD /* GroupModel.swift */; };
		67EDEC9A2AC9D8DF0003C3AD /* ChairModel.swift in Sources */ = {isa = PBXBuildFile; fileRef = 67EDEC992AC9D8DF0003C3AD /* ChairModel.swift */; };
		67EDEC9C2AC9DD1A0003C3AD /* TeacherModel.swift in Sources */ = {isa = PBXBuildFile; fileRef = 67EDEC9B2AC9DD1A0003C3AD /* TeacherModel.swift */; };
		67F581272AC7DF7B003EC9F2 /* CourseModel.swift in Sources */ = {isa = PBXBuildFile; fileRef = 67F581262AC7DF7B003EC9F2 /* CourseModel.swift */; };
		67F67D572ACF26D20005534A /* TransformDate.swift in Sources */ = {isa = PBXBuildFile; fileRef = 67F67D562ACF26D20005534A /* TransformDate.swift */; };
		67FB38AC2B0A8D6B00885BAB /* Lottie in Frameworks */ = {isa = PBXBuildFile; productRef = 67FB38AB2B0A8D6B00885BAB /* Lottie */; };
		67FB38B22B0A8F2600885BAB /* GoogleService-Info.plist in Resources */ = {isa = PBXBuildFile; fileRef = 67FB38B02B0A8EFB00885BAB /* GoogleService-Info.plist */; };
/* End PBXBuildFile section */

/* Begin PBXFileReference section */
		6702DC9F2AED20040066FAE9 /* NotificationService.swift */ = {isa = PBXFileReference; lastKnownFileType = sourcecode.swift; path = NotificationService.swift; sourceTree = "<group>"; };
		6702DCA22AED86FB0066FAE9 /* LessonType.swift */ = {isa = PBXFileReference; lastKnownFileType = sourcecode.swift; path = LessonType.swift; sourceTree = "<group>"; };
		670DBBD12AF3CBA600172D72 /* SplashView.swift */ = {isa = PBXFileReference; lastKnownFileType = sourcecode.swift; path = SplashView.swift; sourceTree = "<group>"; };
		670DBBD32AF3CE8B00172D72 /* SplashViewModel.swift */ = {isa = PBXFileReference; lastKnownFileType = sourcecode.swift; path = SplashViewModel.swift; sourceTree = "<group>"; };
		671287C12ACE878C00EF5CF5 /* Date+Extension.swift */ = {isa = PBXFileReference; lastKnownFileType = sourcecode.swift; path = "Date+Extension.swift"; sourceTree = "<group>"; };
		671287C72ACE910000EF5CF5 /* RozkladModel.swift */ = {isa = PBXFileReference; lastKnownFileType = sourcecode.swift; path = RozkladModel.swift; sourceTree = "<group>"; };
		671287CD2ACEB28D00EF5CF5 /* DayCellView.swift */ = {isa = PBXFileReference; lastKnownFileType = sourcecode.swift; path = DayCellView.swift; sourceTree = "<group>"; };
		671287D02ACEB66F00EF5CF5 /* ScheduleView.swift */ = {isa = PBXFileReference; lastKnownFileType = sourcecode.swift; path = ScheduleView.swift; sourceTree = "<group>"; };
		671287D22ACEB7E100EF5CF5 /* DayCellViewModel.swift */ = {isa = PBXFileReference; lastKnownFileType = sourcecode.swift; path = DayCellViewModel.swift; sourceTree = "<group>"; };
		671287D52ACED88100EF5CF5 /* DayCollectionView.swift */ = {isa = PBXFileReference; lastKnownFileType = sourcecode.swift; path = DayCollectionView.swift; sourceTree = "<group>"; };
		671287D72ACED9BD00EF5CF5 /* DayCollectionViewModel.swift */ = {isa = PBXFileReference; lastKnownFileType = sourcecode.swift; path = DayCollectionViewModel.swift; sourceTree = "<group>"; };
		6713616C2AC691BB00B78C42 /* ChoiceViewModel.swift */ = {isa = PBXFileReference; lastKnownFileType = sourcecode.swift; path = ChoiceViewModel.swift; sourceTree = "<group>"; };
		671361712AC69C3300B78C42 /* SelectListView.swift */ = {isa = PBXFileReference; lastKnownFileType = sourcecode.swift; path = SelectListView.swift; sourceTree = "<group>"; };
		671361752AC69C4E00B78C42 /* SelectListViewModel.swift */ = {isa = PBXFileReference; lastKnownFileType = sourcecode.swift; path = SelectListViewModel.swift; sourceTree = "<group>"; };
		671BE1192ACD9C3000310DA4 /* UINavigationController+Extension.swift */ = {isa = PBXFileReference; lastKnownFileType = sourcecode.swift; path = "UINavigationController+Extension.swift"; sourceTree = "<group>"; };
		672103C32AF187C80036F916 /* ScheduleSUICT.entitlements */ = {isa = PBXFileReference; lastKnownFileType = text.plist.entitlements; path = ScheduleSUICT.entitlements; sourceTree = "<group>"; };
		672142CF2ACC7ADB007FB14D /* loaderAnimation.json */ = {isa = PBXFileReference; fileEncoding = 4; lastKnownFileType = text.json; path = loaderAnimation.json; sourceTree = "<group>"; };
		67246B5D2ACD59DF0067D009 /* View+Extension.swift */ = {isa = PBXFileReference; lastKnownFileType = sourcecode.swift; path = "View+Extension.swift"; sourceTree = "<group>"; };
		67246B5F2ACD620D0067D009 /* LoaderView.swift */ = {isa = PBXFileReference; lastKnownFileType = sourcecode.swift; path = LoaderView.swift; sourceTree = "<group>"; };
		673014622AE0ED1300DC52E4 /* checkmark.json */ = {isa = PBXFileReference; fileEncoding = 4; lastKnownFileType = text.json; path = checkmark.json; sourceTree = "<group>"; };
		673014642AE0ED4200DC52E4 /* criss-cross.json */ = {isa = PBXFileReference; fileEncoding = 4; lastKnownFileType = text.json; path = "criss-cross.json"; sourceTree = "<group>"; };
		673014662AE0EDA700DC52E4 /* SavePopUpView.swift */ = {isa = PBXFileReference; lastKnownFileType = sourcecode.swift; path = SavePopUpView.swift; sourceTree = "<group>"; };
		674D5A1B2AD0026900558E5A /* DayEntity.swift */ = {isa = PBXFileReference; lastKnownFileType = sourcecode.swift; path = DayEntity.swift; sourceTree = "<group>"; };
		674D5A1F2AD1946000558E5A /* RozkladCellView.swift */ = {isa = PBXFileReference; lastKnownFileType = sourcecode.swift; path = RozkladCellView.swift; sourceTree = "<group>"; };
		674D5A212AD1A49400558E5A /* RozkladCellViewModel.swift */ = {isa = PBXFileReference; lastKnownFileType = sourcecode.swift; path = RozkladCellViewModel.swift; sourceTree = "<group>"; };
		674D5A232AD1AF1100558E5A /* RozkladListView.swift */ = {isa = PBXFileReference; lastKnownFileType = sourcecode.swift; path = RozkladListView.swift; sourceTree = "<group>"; };
		674D5A252AD1AF2400558E5A /* RozkladListViewModel.swift */ = {isa = PBXFileReference; lastKnownFileType = sourcecode.swift; path = RozkladListViewModel.swift; sourceTree = "<group>"; };
		674D5A272AD1DAD500558E5A /* RozkladEntity.swift */ = {isa = PBXFileReference; lastKnownFileType = sourcecode.swift; path = RozkladEntity.swift; sourceTree = "<group>"; };
		6752BFAB2AEEDC31006F981D /* MainOnboardingView.swift */ = {isa = PBXFileReference; lastKnownFileType = sourcecode.swift; path = MainOnboardingView.swift; sourceTree = "<group>"; };
		6752BFAF2AEEDCC7006F981D /* AnimatableShape.swift */ = {isa = PBXFileReference; lastKnownFileType = sourcecode.swift; path = AnimatableShape.swift; sourceTree = "<group>"; };
		6752BFB12AEEDCFF006F981D /* AnimationCompletion.swift */ = {isa = PBXFileReference; lastKnownFileType = sourcecode.swift; path = AnimationCompletion.swift; sourceTree = "<group>"; };
		6760AF1C2AC5C06A000434A6 /* ScheduleSUICT.app */ = {isa = PBXFileReference; explicitFileType = wrapper.application; includeInIndex = 0; path = ScheduleSUICT.app; sourceTree = BUILT_PRODUCTS_DIR; };
		6760AF1F2AC5C06A000434A6 /* ScheduleSUICTApp.swift */ = {isa = PBXFileReference; lastKnownFileType = sourcecode.swift; path = ScheduleSUICTApp.swift; sourceTree = "<group>"; };
		6760AF212AC5C06A000434A6 /* ContentView.swift */ = {isa = PBXFileReference; lastKnownFileType = sourcecode.swift; path = ContentView.swift; sourceTree = "<group>"; };
		6760AF232AC5C06C000434A6 /* Assets.xcassets */ = {isa = PBXFileReference; lastKnownFileType = folder.assetcatalog; path = Assets.xcassets; sourceTree = "<group>"; };
		6760AF262AC5C06C000434A6 /* Preview Assets.xcassets */ = {isa = PBXFileReference; lastKnownFileType = folder.assetcatalog; path = "Preview Assets.xcassets"; sourceTree = "<group>"; };
		6760AF302AC5D716000434A6 /* Gilroy-Semibold.ttf */ = {isa = PBXFileReference; lastKnownFileType = file; path = "Gilroy-Semibold.ttf"; sourceTree = "<group>"; };
		6760AF322AC5D751000434A6 /* Gilroy-Regular.ttf */ = {isa = PBXFileReference; lastKnownFileType = file; path = "Gilroy-Regular.ttf"; sourceTree = "<group>"; };
		6760AF342AC5D75C000434A6 /* Gilroy-Medium.ttf */ = {isa = PBXFileReference; lastKnownFileType = file; path = "Gilroy-Medium.ttf"; sourceTree = "<group>"; };
		6760AF362AC5D7A0000434A6 /* Info.plist */ = {isa = PBXFileReference; lastKnownFileType = text.plist; path = Info.plist; sourceTree = "<group>"; };
		6760AF372AC5D7FA000434A6 /* Gilroy-Light.ttf */ = {isa = PBXFileReference; lastKnownFileType = file; path = "Gilroy-Light.ttf"; sourceTree = "<group>"; };
		6760AF3A2AC5D929000434A6 /* Font+Extension.swift */ = {isa = PBXFileReference; lastKnownFileType = sourcecode.swift; path = "Font+Extension.swift"; sourceTree = "<group>"; };
		6760AF3C2AC5DBAD000434A6 /* Color+Extension.swift */ = {isa = PBXFileReference; lastKnownFileType = sourcecode.swift; path = "Color+Extension.swift"; sourceTree = "<group>"; };
		6760AF3F2AC5DDCF000434A6 /* Lottie.swift */ = {isa = PBXFileReference; lastKnownFileType = sourcecode.swift; path = Lottie.swift; sourceTree = "<group>"; };
		6760AF462AC5DE8E000434A6 /* ChoiceView.swift */ = {isa = PBXFileReference; lastKnownFileType = sourcecode.swift; path = ChoiceView.swift; sourceTree = "<group>"; };
		6760AF482AC5DEAD000434A6 /* ChoiceCardView.swift */ = {isa = PBXFileReference; lastKnownFileType = sourcecode.swift; path = ChoiceCardView.swift; sourceTree = "<group>"; };
		6760AF4B2AC5E019000434A6 /* studentAnimation.json */ = {isa = PBXFileReference; fileEncoding = 4; lastKnownFileType = text.json; path = studentAnimation.json; sourceTree = "<group>"; };
		6760AF4D2AC5E037000434A6 /* teacherAnimation.json */ = {isa = PBXFileReference; fileEncoding = 4; lastKnownFileType = text.json; path = teacherAnimation.json; sourceTree = "<group>"; };
		6760AF502AC5E0A6000434A6 /* LottieHelper.swift */ = {isa = PBXFileReference; lastKnownFileType = sourcecode.swift; path = LottieHelper.swift; sourceTree = "<group>"; };
		678ED20A2ADEFBF7001F4E79 /* StorageService.swift */ = {isa = PBXFileReference; lastKnownFileType = sourcecode.swift; path = StorageService.swift; sourceTree = "<group>"; };
		679856C12AD6A81300F25DCD /* ScrollIndicatorHidden.swift */ = {isa = PBXFileReference; lastKnownFileType = sourcecode.swift; path = ScrollIndicatorHidden.swift; sourceTree = "<group>"; };
		679856C32AD7D59700F25DCD /* ScrollViewWithOffset.swift */ = {isa = PBXFileReference; lastKnownFileType = sourcecode.swift; path = ScrollViewWithOffset.swift; sourceTree = "<group>"; };
		679856C92ADBE27600F25DCD /* EmptyLessonsView.swift */ = {isa = PBXFileReference; lastKnownFileType = sourcecode.swift; path = EmptyLessonsView.swift; sourceTree = "<group>"; };
		679856CE2ADC048700F25DCD /* animation1.json */ = {isa = PBXFileReference; fileEncoding = 4; lastKnownFileType = text.json; path = animation1.json; sourceTree = "<group>"; };
		679856E92ADC0ED900F25DCD /* animation2.json */ = {isa = PBXFileReference; fileEncoding = 4; lastKnownFileType = text.json; path = animation2.json; sourceTree = "<group>"; };
		679856EB2ADC0ED900F25DCD /* animation8.json */ = {isa = PBXFileReference; fileEncoding = 4; lastKnownFileType = text.json; path = animation8.json; sourceTree = "<group>"; };
		679856EC2ADC0ED900F25DCD /* animation11.json */ = {isa = PBXFileReference; fileEncoding = 4; lastKnownFileType = text.json; path = animation11.json; sourceTree = "<group>"; };
		679856ED2ADC0ED900F25DCD /* animation12.json */ = {isa = PBXFileReference; fileEncoding = 4; lastKnownFileType = text.json; path = animation12.json; sourceTree = "<group>"; };
		679856EE2ADC0ED900F25DCD /* animation13.json */ = {isa = PBXFileReference; fileEncoding = 4; lastKnownFileType = text.json; path = animation13.json; sourceTree = "<group>"; };
		679856EF2ADC0ED900F25DCD /* animation10.json */ = {isa = PBXFileReference; fileEncoding = 4; lastKnownFileType = text.json; path = animation10.json; sourceTree = "<group>"; };
		679856F02ADC0ED900F25DCD /* animation6.json */ = {isa = PBXFileReference; fileEncoding = 4; lastKnownFileType = text.json; path = animation6.json; sourceTree = "<group>"; };
		679856F12ADC0ED900F25DCD /* animation9.json */ = {isa = PBXFileReference; fileEncoding = 4; lastKnownFileType = text.json; path = animation9.json; sourceTree = "<group>"; };
		679857012ADC5D8000F25DCD /* animationNetrorkError.json */ = {isa = PBXFileReference; fileEncoding = 4; lastKnownFileType = text.json; path = animationNetrorkError.json; sourceTree = "<group>"; };
		679857032ADE5F5000F25DCD /* NetworkErrorView.swift */ = {isa = PBXFileReference; lastKnownFileType = sourcecode.swift; path = NetworkErrorView.swift; sourceTree = "<group>"; };
		67A25F342AF027EA00DFC783 /* RozkladDetailView.swift */ = {isa = PBXFileReference; lastKnownFileType = sourcecode.swift; path = RozkladDetailView.swift; sourceTree = "<group>"; };
		67ACF9CD2AE19BE7005E54E4 /* auditoryAnimation.json */ = {isa = PBXFileReference; fileEncoding = 4; lastKnownFileType = text.json; path = auditoryAnimation.json; sourceTree = "<group>"; };
		67ACF9CF2AE19BFC005E54E4 /* freeAuditoryAnimation.json */ = {isa = PBXFileReference; fileEncoding = 4; lastKnownFileType = text.json; path = freeAuditoryAnimation.json; sourceTree = "<group>"; };
		67ACF9D92AE2DB3D005E54E4 /* AuditoryEntity.swift */ = {isa = PBXFileReference; lastKnownFileType = sourcecode.swift; path = AuditoryEntity.swift; sourceTree = "<group>"; };
		67ACF9DE2AE2E10A005E54E4 /* SelectAuditoryView.swift */ = {isa = PBXFileReference; lastKnownFileType = sourcecode.swift; path = SelectAuditoryView.swift; sourceTree = "<group>"; };
		67ACF9E02AE2E137005E54E4 /* SelectAuditoryViewModel.swift */ = {isa = PBXFileReference; lastKnownFileType = sourcecode.swift; path = SelectAuditoryViewModel.swift; sourceTree = "<group>"; };
		67ACF9E22AE417BE005E54E4 /* SelectAuditoryListView.swift */ = {isa = PBXFileReference; lastKnownFileType = sourcecode.swift; path = SelectAuditoryListView.swift; sourceTree = "<group>"; };
		67ACF9E42AE417D1005E54E4 /* SelectAuditoryListViewModel.swift */ = {isa = PBXFileReference; lastKnownFileType = sourcecode.swift; path = SelectAuditoryListViewModel.swift; sourceTree = "<group>"; };
		67B3FBDB2AC6A3B500366366 /* Gilroy-Bold.ttf */ = {isa = PBXFileReference; lastKnownFileType = file; path = "Gilroy-Bold.ttf"; sourceTree = "<group>"; };
		67B3FBDE2AC6D02700366366 /* NetworkLayer.swift */ = {isa = PBXFileReference; lastKnownFileType = sourcecode.swift; path = NetworkLayer.swift; sourceTree = "<group>"; };
		67B3FBE02AC6DF7100366366 /* NetworkManager.swift */ = {isa = PBXFileReference; lastKnownFileType = sourcecode.swift; path = NetworkManager.swift; sourceTree = "<group>"; };
		67B3FBE22AC6E61A00366366 /* SelectItemView.swift */ = {isa = PBXFileReference; lastKnownFileType = sourcecode.swift; path = SelectItemView.swift; sourceTree = "<group>"; };
		67B3FBE42AC6E62D00366366 /* SelectItemViewModel.swift */ = {isa = PBXFileReference; lastKnownFileType = sourcecode.swift; path = SelectItemViewModel.swift; sourceTree = "<group>"; };
		67B3FBE72AC6F4E900366366 /* FacultyModel.swift */ = {isa = PBXFileReference; lastKnownFileType = sourcecode.swift; path = FacultyModel.swift; sourceTree = "<group>"; };
		67B7D3C22AEEC6D200764B87 /* OnboardingPageView.swift */ = {isa = PBXFileReference; lastKnownFileType = sourcecode.swift; path = OnboardingPageView.swift; sourceTree = "<group>"; };
		67B7D3C42AEEC6F200764B87 /* OnboardingPageData.swift */ = {isa = PBXFileReference; lastKnownFileType = sourcecode.swift; path = OnboardingPageData.swift; sourceTree = "<group>"; };
		67B7D3C92AEECA1C00764B87 /* OnboardingView.swift */ = {isa = PBXFileReference; lastKnownFileType = sourcecode.swift; path = OnboardingView.swift; sourceTree = "<group>"; };
		67C186A12AE63C5C0028B922 /* TextFieldClearButton.swift */ = {isa = PBXFileReference; lastKnownFileType = sourcecode.swift; path = TextFieldClearButton.swift; sourceTree = "<group>"; };
		67C186A42AE6874D0028B922 /* ShareSheetView.swift */ = {isa = PBXFileReference; lastKnownFileType = sourcecode.swift; path = ShareSheetView.swift; sourceTree = "<group>"; };
		67C186A72AE920A50028B922 /* SelectTeacherView.swift */ = {isa = PBXFileReference; lastKnownFileType = sourcecode.swift; path = SelectTeacherView.swift; sourceTree = "<group>"; };
		67C186A92AE920AF0028B922 /* SelectTeacherViewModel.swift */ = {isa = PBXFileReference; lastKnownFileType = sourcecode.swift; path = SelectTeacherViewModel.swift; sourceTree = "<group>"; };
		67C186AB2AE98CC70028B922 /* String+Extension.swift */ = {isa = PBXFileReference; lastKnownFileType = sourcecode.swift; path = "String+Extension.swift"; sourceTree = "<group>"; };
		67D186792ACDD913003261BE /* ScheduleViewModel.swift */ = {isa = PBXFileReference; lastKnownFileType = sourcecode.swift; path = ScheduleViewModel.swift; sourceTree = "<group>"; };
		67DF92582AD3FDEA004A5A14 /* Margin.swift */ = {isa = PBXFileReference; lastKnownFileType = sourcecode.swift; path = Margin.swift; sourceTree = "<group>"; };
		67E9398C2AC602E100AB47ED /* UserType.swift */ = {isa = PBXFileReference; lastKnownFileType = sourcecode.swift; path = UserType.swift; sourceTree = "<group>"; };
		67E939902AC6086400AB47ED /* ChoiceCardViewModel.swift */ = {isa = PBXFileReference; lastKnownFileType = sourcecode.swift; path = ChoiceCardViewModel.swift; sourceTree = "<group>"; };
		67EDEC892AC87C890003C3AD /* ChoiceEntity.swift */ = {isa = PBXFileReference; lastKnownFileType = sourcecode.swift; path = ChoiceEntity.swift; sourceTree = "<group>"; };
		67EDEC8C2AC87DB10003C3AD /* BaseEntity.swift */ = {isa = PBXFileReference; lastKnownFileType = sourcecode.swift; path = BaseEntity.swift; sourceTree = "<group>"; };
		67EDEC8F2AC8B2760003C3AD /* Inactive.swift */ = {isa = PBXFileReference; lastKnownFileType = sourcecode.swift; path = Inactive.swift; sourceTree = "<group>"; };
		67EDEC942AC996DD0003C3AD /* URLRequest+Extension.swift */ = {isa = PBXFileReference; lastKnownFileType = sourcecode.swift; path = "URLRequest+Extension.swift"; sourceTree = "<group>"; };
		67EDEC972AC9B1120003C3AD /* GroupModel.swift */ = {isa = PBXFileReference; lastKnownFileType = sourcecode.swift; path = GroupModel.swift; sourceTree = "<group>"; };
		67EDEC992AC9D8DF0003C3AD /* ChairModel.swift */ = {isa = PBXFileReference; lastKnownFileType = sourcecode.swift; path = ChairModel.swift; sourceTree = "<group>"; };
		67EDEC9B2AC9DD1A0003C3AD /* TeacherModel.swift */ = {isa = PBXFileReference; lastKnownFileType = sourcecode.swift; path = TeacherModel.swift; sourceTree = "<group>"; };
		67F581262AC7DF7B003EC9F2 /* CourseModel.swift */ = {isa = PBXFileReference; lastKnownFileType = sourcecode.swift; path = CourseModel.swift; sourceTree = "<group>"; };
		67F67D562ACF26D20005534A /* TransformDate.swift */ = {isa = PBXFileReference; lastKnownFileType = sourcecode.swift; path = TransformDate.swift; sourceTree = "<group>"; };
		67FB38B02B0A8EFB00885BAB /* GoogleService-Info.plist */ = {isa = PBXFileReference; fileEncoding = 4; lastKnownFileType = text.plist.xml; path = "GoogleService-Info.plist"; sourceTree = "<group>"; };
/* End PBXFileReference section */

/* Begin PBXFrameworksBuildPhase section */
		6760AF192AC5C06A000434A6 /* Frameworks */ = {
			isa = PBXFrameworksBuildPhase;
			buildActionMask = 2147483647;
			files = (
				6764D6D12AF7B33200BBA300 /* FirebaseAnalyticsSwift in Frameworks */,
				67ACF9D32AE2401B005E54E4 /* SwiftSoup in Frameworks */,
				6764D6CF2AF7B33200BBA300 /* FirebaseAnalyticsOnDeviceConversion in Frameworks */,
				6764D6D32AF7B33200BBA300 /* FirebaseAnalyticsWithoutAdIdSupport in Frameworks */,
				6764D6CD2AF7B33200BBA300 /* FirebaseAnalytics in Frameworks */,
				6764D7042AF7B3A400BBA300 /* FirebaseCrashlytics in Frameworks */,
				6764D6E92AF7B33200BBA300 /* FirebaseFirestoreSwift in Frameworks */,
				67FB38AC2B0A8D6B00885BAB /* Lottie in Frameworks */,
			);
			runOnlyForDeploymentPostprocessing = 0;
		};
/* End PBXFrameworksBuildPhase section */

/* Begin PBXGroup section */
		6702DC9E2AED1FE20066FAE9 /* NotificationService */ = {
			isa = PBXGroup;
			children = (
				6702DC9F2AED20040066FAE9 /* NotificationService.swift */,
			);
			path = NotificationService;
			sourceTree = "<group>";
		};
		670DBBD02AF3CB9800172D72 /* Splash */ = {
			isa = PBXGroup;
			children = (
				670DBBD12AF3CBA600172D72 /* SplashView.swift */,
				670DBBD32AF3CE8B00172D72 /* SplashViewModel.swift */,
			);
			path = Splash;
			sourceTree = "<group>";
		};
		671287D42ACED86E00EF5CF5 /* DayView */ = {
			isa = PBXGroup;
			children = (
				671287D52ACED88100EF5CF5 /* DayCollectionView.swift */,
				671287CD2ACEB28D00EF5CF5 /* DayCellView.swift */,
			);
			path = DayView;
			sourceTree = "<group>";
		};
		671287D92ACED9EC00EF5CF5 /* DayViewModel */ = {
			isa = PBXGroup;
			children = (
				671287D72ACED9BD00EF5CF5 /* DayCollectionViewModel.swift */,
				671287D22ACEB7E100EF5CF5 /* DayCellViewModel.swift */,
			);
			path = DayViewModel;
			sourceTree = "<group>";
		};
		6713616E2AC69BC600B78C42 /* SelectList */ = {
			isa = PBXGroup;
			children = (
				67C186A62AE920940028B922 /* SelectTeacher */,
				67ACF9DB2AE2E03B005E54E4 /* SelectAuditory */,
				6713616F2AC69C1E00B78C42 /* View */,
				671361702AC69C2300B78C42 /* ViewModel */,
			);
			path = SelectList;
			sourceTree = "<group>";
		};
		6713616F2AC69C1E00B78C42 /* View */ = {
			isa = PBXGroup;
			children = (
				671361712AC69C3300B78C42 /* SelectListView.swift */,
				67B3FBE22AC6E61A00366366 /* SelectItemView.swift */,
			);
			path = View;
			sourceTree = "<group>";
		};
		671361702AC69C2300B78C42 /* ViewModel */ = {
			isa = PBXGroup;
			children = (
				671361752AC69C4E00B78C42 /* SelectListViewModel.swift */,
				67B3FBE42AC6E62D00366366 /* SelectItemViewModel.swift */,
			);
			path = ViewModel;
			sourceTree = "<group>";
		};
		673014612AE0ECFD00DC52E4 /* SavePopUp */ = {
			isa = PBXGroup;
			children = (
				673014622AE0ED1300DC52E4 /* checkmark.json */,
				673014642AE0ED4200DC52E4 /* criss-cross.json */,
			);
			path = SavePopUp;
			sourceTree = "<group>";
		};
		674D5A1D2AD1922500558E5A /* RozkladView */ = {
			isa = PBXGroup;
			children = (
				67A25F332AF027D300DFC783 /* RozkladDetailView */,
				679856C82ADBE25500F25DCD /* EmptyLessonsView */,
				674D5A232AD1AF1100558E5A /* RozkladListView.swift */,
				674D5A1F2AD1946000558E5A /* RozkladCellView.swift */,
			);
			path = RozkladView;
			sourceTree = "<group>";
		};
		674D5A1E2AD1923600558E5A /* RozkladViewModel */ = {
			isa = PBXGroup;
			children = (
				674D5A252AD1AF2400558E5A /* RozkladListViewModel.swift */,
				674D5A212AD1A49400558E5A /* RozkladCellViewModel.swift */,
			);
			path = RozkladViewModel;
			sourceTree = "<group>";
		};
		6752BFAA2AEEDC1C006F981D /* Onboarding */ = {
			isa = PBXGroup;
			children = (
				6752BFAB2AEEDC31006F981D /* MainOnboardingView.swift */,
				6752BFAF2AEEDCC7006F981D /* AnimatableShape.swift */,
				6752BFB12AEEDCFF006F981D /* AnimationCompletion.swift */,
			);
			path = Onboarding;
			sourceTree = "<group>";
		};
		6760AF132AC5C06A000434A6 = {
			isa = PBXGroup;
			children = (
				6760AF1E2AC5C06A000434A6 /* ScheduleSUICT */,
				6760AF1D2AC5C06A000434A6 /* Products */,
				6764D7022AF7B3A400BBA300 /* Frameworks */,
			);
			sourceTree = "<group>";
		};
		6760AF1D2AC5C06A000434A6 /* Products */ = {
			isa = PBXGroup;
			children = (
				6760AF1C2AC5C06A000434A6 /* ScheduleSUICT.app */,
			);
			name = Products;
			sourceTree = "<group>";
		};
		6760AF1E2AC5C06A000434A6 /* ScheduleSUICT */ = {
			isa = PBXGroup;
			children = (
				672103C32AF187C80036F916 /* ScheduleSUICT.entitlements */,
				6760AF1F2AC5C06A000434A6 /* ScheduleSUICTApp.swift */,
				6760AF212AC5C06A000434A6 /* ContentView.swift */,
				6760AF442AC5DE16000434A6 /* Modules */,
				6760AF3E2AC5DDAA000434A6 /* Views */,
				67EDEC8E2AC8B1280003C3AD /* Modifiers */,
				67EDEC882AC8753E0003C3AD /* Entities */,
				67B3FBE62AC6F4C100366366 /* Models */,
				6702DC9E2AED1FE20066FAE9 /* NotificationService */,
				67B3FBDD2AC6AE0400366366 /* Network */,
				6760AF4F2AC5E086000434A6 /* Helper */,
				6760AF392AC5D893000434A6 /* Extensions */,
				6760AF4A2AC5DFF0000434A6 /* LottieJSON */,
				6760AF232AC5C06C000434A6 /* Assets.xcassets */,
				6760AF2D2AC5D6E3000434A6 /* Fonts */,
				6760AF252AC5C06C000434A6 /* Preview Content */,
				6760AF362AC5D7A0000434A6 /* Info.plist */,
				67FB38B02B0A8EFB00885BAB /* GoogleService-Info.plist */,
			);
			path = ScheduleSUICT;
			sourceTree = "<group>";
		};
		6760AF252AC5C06C000434A6 /* Preview Content */ = {
			isa = PBXGroup;
			children = (
				6760AF262AC5C06C000434A6 /* Preview Assets.xcassets */,
			);
			path = "Preview Content";
			sourceTree = "<group>";
		};
		6760AF2D2AC5D6E3000434A6 /* Fonts */ = {
			isa = PBXGroup;
			children = (
				6760AF322AC5D751000434A6 /* Gilroy-Regular.ttf */,
				6760AF302AC5D716000434A6 /* Gilroy-Semibold.ttf */,
				6760AF342AC5D75C000434A6 /* Gilroy-Medium.ttf */,
				6760AF372AC5D7FA000434A6 /* Gilroy-Light.ttf */,
				67B3FBDB2AC6A3B500366366 /* Gilroy-Bold.ttf */,
			);
			path = Fonts;
			sourceTree = "<group>";
		};
		6760AF392AC5D893000434A6 /* Extensions */ = {
			isa = PBXGroup;
			children = (
				6760AF3A2AC5D929000434A6 /* Font+Extension.swift */,
				6760AF3C2AC5DBAD000434A6 /* Color+Extension.swift */,
				67EDEC942AC996DD0003C3AD /* URLRequest+Extension.swift */,
				67246B5D2ACD59DF0067D009 /* View+Extension.swift */,
				671BE1192ACD9C3000310DA4 /* UINavigationController+Extension.swift */,
				671287C12ACE878C00EF5CF5 /* Date+Extension.swift */,
				67C186AB2AE98CC70028B922 /* String+Extension.swift */,
			);
			path = Extensions;
			sourceTree = "<group>";
		};
		6760AF3E2AC5DDAA000434A6 /* Views */ = {
			isa = PBXGroup;
			children = (
				6752BFAA2AEEDC1C006F981D /* Onboarding */,
				67C186A32AE6873E0028B922 /* ShareSheetView */,
				67EDEC782AC7EE990003C3AD /* Lottie */,
				67246B5F2ACD620D0067D009 /* LoaderView.swift */,
				679856C32AD7D59700F25DCD /* ScrollViewWithOffset.swift */,
				679857032ADE5F5000F25DCD /* NetworkErrorView.swift */,
				673014662AE0EDA700DC52E4 /* SavePopUpView.swift */,
			);
			path = Views;
			sourceTree = "<group>";
		};
		6760AF442AC5DE16000434A6 /* Modules */ = {
			isa = PBXGroup;
			children = (
				670DBBD02AF3CB9800172D72 /* Splash */,
				67B7D3882AEEBB6B00764B87 /* Onboarding */,
				6760AF452AC5DE79000434A6 /* Choice */,
				6713616E2AC69BC600B78C42 /* SelectList */,
				67D186762ACDC804003261BE /* Schedule */,
			);
			path = Modules;
			sourceTree = "<group>";
		};
		6760AF452AC5DE79000434A6 /* Choice */ = {
			isa = PBXGroup;
			children = (
				67E9398E2AC6082400AB47ED /* View */,
				67E9398F2AC6082D00AB47ED /* ViewModel */,
			);
			path = Choice;
			sourceTree = "<group>";
		};
		6760AF4A2AC5DFF0000434A6 /* LottieJSON */ = {
			isa = PBXGroup;
			children = (
				673014612AE0ECFD00DC52E4 /* SavePopUp */,
				679857002ADC5D6E00F25DCD /* NetworkError */,
				679856CB2ADC045F00F25DCD /* EmptyLessons */,
				6760AF4B2AC5E019000434A6 /* studentAnimation.json */,
				67ACF9CF2AE19BFC005E54E4 /* freeAuditoryAnimation.json */,
				67ACF9CD2AE19BE7005E54E4 /* auditoryAnimation.json */,
				6760AF4D2AC5E037000434A6 /* teacherAnimation.json */,
				672142CF2ACC7ADB007FB14D /* loaderAnimation.json */,
			);
			path = LottieJSON;
			sourceTree = "<group>";
		};
		6760AF4F2AC5E086000434A6 /* Helper */ = {
			isa = PBXGroup;
			children = (
				6760AF502AC5E0A6000434A6 /* LottieHelper.swift */,
				67E9398C2AC602E100AB47ED /* UserType.swift */,
				67F67D562ACF26D20005534A /* TransformDate.swift */,
				678ED20A2ADEFBF7001F4E79 /* StorageService.swift */,
				6702DCA22AED86FB0066FAE9 /* LessonType.swift */,
			);
			path = Helper;
			sourceTree = "<group>";
		};
		6764D7022AF7B3A400BBA300 /* Frameworks */ = {
			isa = PBXGroup;
			children = (
			);
			name = Frameworks;
			sourceTree = "<group>";
		};
		679856C82ADBE25500F25DCD /* EmptyLessonsView */ = {
			isa = PBXGroup;
			children = (
				679856C92ADBE27600F25DCD /* EmptyLessonsView.swift */,
			);
			path = EmptyLessonsView;
			sourceTree = "<group>";
		};
		679856CB2ADC045F00F25DCD /* EmptyLessons */ = {
			isa = PBXGroup;
			children = (
				679856CE2ADC048700F25DCD /* animation1.json */,
				679856E92ADC0ED900F25DCD /* animation2.json */,
				679856F02ADC0ED900F25DCD /* animation6.json */,
				679856EB2ADC0ED900F25DCD /* animation8.json */,
				679856F12ADC0ED900F25DCD /* animation9.json */,
				679856EF2ADC0ED900F25DCD /* animation10.json */,
				679856EC2ADC0ED900F25DCD /* animation11.json */,
				679856ED2ADC0ED900F25DCD /* animation12.json */,
				679856EE2ADC0ED900F25DCD /* animation13.json */,
			);
			path = EmptyLessons;
			sourceTree = "<group>";
		};
		679857002ADC5D6E00F25DCD /* NetworkError */ = {
			isa = PBXGroup;
			children = (
				679857012ADC5D8000F25DCD /* animationNetrorkError.json */,
			);
			path = NetworkError;
			sourceTree = "<group>";
		};
		67A25F332AF027D300DFC783 /* RozkladDetailView */ = {
			isa = PBXGroup;
			children = (
				67A25F342AF027EA00DFC783 /* RozkladDetailView.swift */,
			);
			path = RozkladDetailView;
			sourceTree = "<group>";
		};
		67ACF9DB2AE2E03B005E54E4 /* SelectAuditory */ = {
			isa = PBXGroup;
			children = (
				67ACF9DD2AE2E04E005E54E4 /* View */,
				67ACF9DC2AE2E048005E54E4 /* ViewModel */,
			);
			path = SelectAuditory;
			sourceTree = "<group>";
		};
		67ACF9DC2AE2E048005E54E4 /* ViewModel */ = {
			isa = PBXGroup;
			children = (
				67ACF9E42AE417D1005E54E4 /* SelectAuditoryListViewModel.swift */,
				67ACF9E02AE2E137005E54E4 /* SelectAuditoryViewModel.swift */,
			);
			path = ViewModel;
			sourceTree = "<group>";
		};
		67ACF9DD2AE2E04E005E54E4 /* View */ = {
			isa = PBXGroup;
			children = (
				67ACF9E22AE417BE005E54E4 /* SelectAuditoryListView.swift */,
				67ACF9DE2AE2E10A005E54E4 /* SelectAuditoryView.swift */,
			);
			path = View;
			sourceTree = "<group>";
		};
		67B3FBDD2AC6AE0400366366 /* Network */ = {
			isa = PBXGroup;
			children = (
				67B3FBDE2AC6D02700366366 /* NetworkLayer.swift */,
				67B3FBE02AC6DF7100366366 /* NetworkManager.swift */,
			);
			path = Network;
			sourceTree = "<group>";
		};
		67B3FBE62AC6F4C100366366 /* Models */ = {
			isa = PBXGroup;
			children = (
				67B3FBE72AC6F4E900366366 /* FacultyModel.swift */,
				671287C72ACE910000EF5CF5 /* RozkladModel.swift */,
				67F581262AC7DF7B003EC9F2 /* CourseModel.swift */,
				67EDEC972AC9B1120003C3AD /* GroupModel.swift */,
				67EDEC992AC9D8DF0003C3AD /* ChairModel.swift */,
				67EDEC9B2AC9DD1A0003C3AD /* TeacherModel.swift */,
			);
			path = Models;
			sourceTree = "<group>";
		};
		67B7D3882AEEBB6B00764B87 /* Onboarding */ = {
			isa = PBXGroup;
			children = (
				67B7D3C22AEEC6D200764B87 /* OnboardingPageView.swift */,
				67B7D3C42AEEC6F200764B87 /* OnboardingPageData.swift */,
				67B7D3C92AEECA1C00764B87 /* OnboardingView.swift */,
			);
			path = Onboarding;
			sourceTree = "<group>";
		};
		67C186A32AE6873E0028B922 /* ShareSheetView */ = {
			isa = PBXGroup;
			children = (
				67C186A42AE6874D0028B922 /* ShareSheetView.swift */,
			);
			path = ShareSheetView;
			sourceTree = "<group>";
		};
		67C186A62AE920940028B922 /* SelectTeacher */ = {
			isa = PBXGroup;
			children = (
				67C186A72AE920A50028B922 /* SelectTeacherView.swift */,
				67C186A92AE920AF0028B922 /* SelectTeacherViewModel.swift */,
			);
			path = SelectTeacher;
			sourceTree = "<group>";
		};
		67D186762ACDC804003261BE /* Schedule */ = {
			isa = PBXGroup;
			children = (
				67D186782ACDCB62003261BE /* View */,
				67D186772ACDCB52003261BE /* ViewModel */,
			);
			path = Schedule;
			sourceTree = "<group>";
		};
		67D186772ACDCB52003261BE /* ViewModel */ = {
			isa = PBXGroup;
			children = (
				67D186792ACDD913003261BE /* ScheduleViewModel.swift */,
				671287D92ACED9EC00EF5CF5 /* DayViewModel */,
				674D5A1E2AD1923600558E5A /* RozkladViewModel */,
			);
			path = ViewModel;
			sourceTree = "<group>";
		};
		67D186782ACDCB62003261BE /* View */ = {
			isa = PBXGroup;
			children = (
				671287D02ACEB66F00EF5CF5 /* ScheduleView.swift */,
				671287D42ACED86E00EF5CF5 /* DayView */,
				674D5A1D2AD1922500558E5A /* RozkladView */,
			);
			path = View;
			sourceTree = "<group>";
		};
		67E9398E2AC6082400AB47ED /* View */ = {
			isa = PBXGroup;
			children = (
				6760AF462AC5DE8E000434A6 /* ChoiceView.swift */,
				6760AF482AC5DEAD000434A6 /* ChoiceCardView.swift */,
			);
			path = View;
			sourceTree = "<group>";
		};
		67E9398F2AC6082D00AB47ED /* ViewModel */ = {
			isa = PBXGroup;
			children = (
				6713616C2AC691BB00B78C42 /* ChoiceViewModel.swift */,
				67E939902AC6086400AB47ED /* ChoiceCardViewModel.swift */,
			);
			path = ViewModel;
			sourceTree = "<group>";
		};
		67EDEC782AC7EE990003C3AD /* Lottie */ = {
			isa = PBXGroup;
			children = (
				6760AF3F2AC5DDCF000434A6 /* Lottie.swift */,
			);
			path = Lottie;
			sourceTree = "<group>";
		};
		67EDEC882AC8753E0003C3AD /* Entities */ = {
			isa = PBXGroup;
			children = (
				674D5A272AD1DAD500558E5A /* RozkladEntity.swift */,
				67EDEC8C2AC87DB10003C3AD /* BaseEntity.swift */,
				67EDEC892AC87C890003C3AD /* ChoiceEntity.swift */,
				674D5A1B2AD0026900558E5A /* DayEntity.swift */,
				67ACF9D92AE2DB3D005E54E4 /* AuditoryEntity.swift */,
			);
			path = Entities;
			sourceTree = "<group>";
		};
		67EDEC8E2AC8B1280003C3AD /* Modifiers */ = {
			isa = PBXGroup;
			children = (
				679856C12AD6A81300F25DCD /* ScrollIndicatorHidden.swift */,
				67EDEC8F2AC8B2760003C3AD /* Inactive.swift */,
				67DF92582AD3FDEA004A5A14 /* Margin.swift */,
				67C186A12AE63C5C0028B922 /* TextFieldClearButton.swift */,
			);
			path = Modifiers;
			sourceTree = "<group>";
		};
/* End PBXGroup section */

/* Begin PBXNativeTarget section */
		6760AF1B2AC5C06A000434A6 /* ScheduleSUICT */ = {
			isa = PBXNativeTarget;
			buildConfigurationList = 6760AF2A2AC5C06C000434A6 /* Build configuration list for PBXNativeTarget "ScheduleSUICT" */;
			buildPhases = (
				6760AF182AC5C06A000434A6 /* Sources */,
				6760AF192AC5C06A000434A6 /* Frameworks */,
				6760AF1A2AC5C06A000434A6 /* Resources */,
				6764D7052AF7B3FA00BBA300 /* ShellScript */,
			);
			buildRules = (
			);
			dependencies = (
			);
			name = ScheduleSUICT;
			packageProductDependencies = (
				67ACF9D22AE2401B005E54E4 /* SwiftSoup */,
				6764D6CC2AF7B33200BBA300 /* FirebaseAnalytics */,
				6764D6CE2AF7B33200BBA300 /* FirebaseAnalyticsOnDeviceConversion */,
				6764D6D02AF7B33200BBA300 /* FirebaseAnalyticsSwift */,
				6764D6D22AF7B33200BBA300 /* FirebaseAnalyticsWithoutAdIdSupport */,
				6764D6E82AF7B33200BBA300 /* FirebaseFirestoreSwift */,
				6764D7032AF7B3A400BBA300 /* FirebaseCrashlytics */,
				67FB38AB2B0A8D6B00885BAB /* Lottie */,
			);
			productName = ScheduleSUICT;
			productReference = 6760AF1C2AC5C06A000434A6 /* ScheduleSUICT.app */;
			productType = "com.apple.product-type.application";
		};
/* End PBXNativeTarget section */

/* Begin PBXProject section */
		6760AF142AC5C06A000434A6 /* Project object */ = {
			isa = PBXProject;
			attributes = {
				BuildIndependentTargetsInParallel = 1;
				LastSwiftUpdateCheck = 1500;
				LastUpgradeCheck = 1500;
				TargetAttributes = {
					6760AF1B2AC5C06A000434A6 = {
						CreatedOnToolsVersion = 15.0;
					};
				};
			};
			buildConfigurationList = 6760AF172AC5C06A000434A6 /* Build configuration list for PBXProject "ScheduleSUICT" */;
			compatibilityVersion = "Xcode 14.0";
			developmentRegion = en;
			hasScannedForEncodings = 0;
			knownRegions = (
				en,
				Base,
			);
			mainGroup = 6760AF132AC5C06A000434A6;
			packageReferences = (
				67ACF9D12AE2401B005E54E4 /* XCRemoteSwiftPackageReference "SwiftSoup" */,
				6764D6CB2AF7B33200BBA300 /* XCRemoteSwiftPackageReference "firebase-ios-sdk" */,
				67FB38AA2B0A8D6A00885BAB /* XCRemoteSwiftPackageReference "lottie-ios" */,
			);
			productRefGroup = 6760AF1D2AC5C06A000434A6 /* Products */;
			projectDirPath = "";
			projectRoot = "";
			targets = (
				6760AF1B2AC5C06A000434A6 /* ScheduleSUICT */,
			);
		};
/* End PBXProject section */

/* Begin PBXResourcesBuildPhase section */
		6760AF1A2AC5C06A000434A6 /* Resources */ = {
			isa = PBXResourcesBuildPhase;
			buildActionMask = 2147483647;
			files = (
				67FB38B22B0A8F2600885BAB /* GoogleService-Info.plist in Resources */,
				6760AF332AC5D751000434A6 /* Gilroy-Regular.ttf in Resources */,
				679856DB2ADC048800F25DCD /* animation1.json in Resources */,
				679857022ADC5D8000F25DCD /* animationNetrorkError.json in Resources */,
				679856F82ADC0EDA00F25DCD /* animation11.json in Resources */,
				679856FC2ADC0EDA00F25DCD /* animation6.json in Resources */,
				679856FD2ADC0EDA00F25DCD /* animation9.json in Resources */,
				6760AF4C2AC5E019000434A6 /* studentAnimation.json in Resources */,
				6760AF352AC5D75C000434A6 /* Gilroy-Medium.ttf in Resources */,
				673014632AE0ED1300DC52E4 /* checkmark.json in Resources */,
				679856F52ADC0EDA00F25DCD /* animation2.json in Resources */,
				679856F72ADC0EDA00F25DCD /* animation8.json in Resources */,
				67B3FBDC2AC6A3B500366366 /* Gilroy-Bold.ttf in Resources */,
				679856FA2ADC0EDA00F25DCD /* animation13.json in Resources */,
				672142D02ACC7ADB007FB14D /* loaderAnimation.json in Resources */,
				6760AF272AC5C06C000434A6 /* Preview Assets.xcassets in Resources */,
				679856F92ADC0EDA00F25DCD /* animation12.json in Resources */,
				67ACF9D02AE19BFC005E54E4 /* freeAuditoryAnimation.json in Resources */,
				679856FB2ADC0EDA00F25DCD /* animation10.json in Resources */,
				673014652AE0ED4200DC52E4 /* criss-cross.json in Resources */,
				6760AF382AC5D7FA000434A6 /* Gilroy-Light.ttf in Resources */,
				6760AF4E2AC5E037000434A6 /* teacherAnimation.json in Resources */,
				6760AF312AC5D716000434A6 /* Gilroy-Semibold.ttf in Resources */,
				6760AF242AC5C06C000434A6 /* Assets.xcassets in Resources */,
				67ACF9CE2AE19BE7005E54E4 /* auditoryAnimation.json in Resources */,
			);
			runOnlyForDeploymentPostprocessing = 0;
		};
/* End PBXResourcesBuildPhase section */

/* Begin PBXShellScriptBuildPhase section */
		6764D7052AF7B3FA00BBA300 /* ShellScript */ = {
			isa = PBXShellScriptBuildPhase;
			buildActionMask = 2147483647;
			files = (
			);
			inputFileListPaths = (
			);
			inputPaths = (
				"$(SRCROOT)/$(BUILT_PRODUCTS_DIR)/$(INFOPLIST_PATH)",
				"${DWARF_DSYM_FOLDER_PATH}/${DWARF_DSYM_FILE_NAME}",
				"${DWARF_DSYM_FOLDER_PATH}/${DWARF_DSYM_FILE_NAME}/Contents/Resources/DWARF/${PRODUCT_NAME}",
				"${DWARF_DSYM_FOLDER_PATH}/${DWARF_DSYM_FILE_NAME}/Contents/Info.plist",
				"$(TARGET_BUILD_DIR)/$(UNLOCALIZED_RESOURCES_FOLDER_PATH)/GoogleService-Info.plist",
				"$(TARGET_BUILD_DIR)/$(EXECUTABLE_PATH)",
				"",
			);
			outputFileListPaths = (
			);
			outputPaths = (
			);
			runOnlyForDeploymentPostprocessing = 0;
			shellPath = /bin/sh;
			shellScript = "# Type a script or drag a script file from your workspace to insert its path.\n\"${BUILD_DIR%/Build/*}/SourcePackages/checkouts/firebase-ios-sdk/Crashlytics/run\"\n";
		};
/* End PBXShellScriptBuildPhase section */

/* Begin PBXSourcesBuildPhase section */
		6760AF182AC5C06A000434A6 /* Sources */ = {
			isa = PBXSourcesBuildPhase;
			buildActionMask = 2147483647;
			files = (
				674D5A222AD1A49400558E5A /* RozkladCellViewModel.swift in Sources */,
				67B3FBE82AC6F4E900366366 /* FacultyModel.swift in Sources */,
				67DF92592AD3FDEA004A5A14 /* Margin.swift in Sources */,
				67B3FBDF2AC6D02700366366 /* NetworkLayer.swift in Sources */,
				67B7D3C52AEEC6F200764B87 /* OnboardingPageData.swift in Sources */,
				6760AF402AC5DDCF000434A6 /* Lottie.swift in Sources */,
				674D5A242AD1AF1100558E5A /* RozkladListView.swift in Sources */,
				6760AF472AC5DE8E000434A6 /* ChoiceView.swift in Sources */,
				67ACF9E52AE417D1005E54E4 /* SelectAuditoryListViewModel.swift in Sources */,
				67EDEC9C2AC9DD1A0003C3AD /* TeacherModel.swift in Sources */,
				674D5A1C2AD0026900558E5A /* DayEntity.swift in Sources */,
				674D5A262AD1AF2400558E5A /* RozkladListViewModel.swift in Sources */,
				6760AF222AC5C06A000434A6 /* ContentView.swift in Sources */,
				6760AF492AC5DEAD000434A6 /* ChoiceCardView.swift in Sources */,
				67F581272AC7DF7B003EC9F2 /* CourseModel.swift in Sources */,
				67B7D3C32AEEC6D200764B87 /* OnboardingPageView.swift in Sources */,
				6702DCA32AED86FB0066FAE9 /* LessonType.swift in Sources */,
				67ACF9E32AE417BE005E54E4 /* SelectAuditoryListView.swift in Sources */,
				67C186AA2AE920AF0028B922 /* SelectTeacherViewModel.swift in Sources */,
				67ACF9E12AE2E137005E54E4 /* SelectAuditoryViewModel.swift in Sources */,
				670DBBD22AF3CBA600172D72 /* SplashView.swift in Sources */,
				67EDEC952AC996DD0003C3AD /* URLRequest+Extension.swift in Sources */,
				67B7D3CA2AEECA1C00764B87 /* OnboardingView.swift in Sources */,
				67B3FBE52AC6E62D00366366 /* SelectItemViewModel.swift in Sources */,
				671287D12ACEB66F00EF5CF5 /* ScheduleView.swift in Sources */,
				6760AF202AC5C06A000434A6 /* ScheduleSUICTApp.swift in Sources */,
				671287D62ACED88100EF5CF5 /* DayCollectionView.swift in Sources */,
				679856CA2ADBE27600F25DCD /* EmptyLessonsView.swift in Sources */,
				67A25F352AF027EA00DFC783 /* RozkladDetailView.swift in Sources */,
				679856C22AD6A81300F25DCD /* ScrollIndicatorHidden.swift in Sources */,
				671361762AC69C4E00B78C42 /* SelectListViewModel.swift in Sources */,
				67EDEC902AC8B2760003C3AD /* Inactive.swift in Sources */,
				671287C22ACE878C00EF5CF5 /* Date+Extension.swift in Sources */,
				673014672AE0EDA700DC52E4 /* SavePopUpView.swift in Sources */,
				67C186A82AE920A50028B922 /* SelectTeacherView.swift in Sources */,
				67D1867A2ACDD913003261BE /* ScheduleViewModel.swift in Sources */,
				671287CE2ACEB28D00EF5CF5 /* DayCellView.swift in Sources */,
				67E939912AC6086400AB47ED /* ChoiceCardViewModel.swift in Sources */,
				67246B5E2ACD59DF0067D009 /* View+Extension.swift in Sources */,
				670DBBD42AF3CE8B00172D72 /* SplashViewModel.swift in Sources */,
				67C186AC2AE98CC70028B922 /* String+Extension.swift in Sources */,
				679857042ADE5F5000F25DCD /* NetworkErrorView.swift in Sources */,
				67EDEC9A2AC9D8DF0003C3AD /* ChairModel.swift in Sources */,
				679856C42AD7D59700F25DCD /* ScrollViewWithOffset.swift in Sources */,
				6752BFAC2AEEDC31006F981D /* MainOnboardingView.swift in Sources */,
				674D5A202AD1946000558E5A /* RozkladCellView.swift in Sources */,
				6702DCA02AED20040066FAE9 /* NotificationService.swift in Sources */,
				671361722AC69C3300B78C42 /* SelectListView.swift in Sources */,
				67246B602ACD620D0067D009 /* LoaderView.swift in Sources */,
				671287D82ACED9BD00EF5CF5 /* DayCollectionViewModel.swift in Sources */,
				6752BFB22AEEDCFF006F981D /* AnimationCompletion.swift in Sources */,
				6752BFB02AEEDCC7006F981D /* AnimatableShape.swift in Sources */,
				67C186A52AE6874D0028B922 /* ShareSheetView.swift in Sources */,
				674D5A282AD1DAD500558E5A /* RozkladEntity.swift in Sources */,
				67ACF9DA2AE2DB3D005E54E4 /* AuditoryEntity.swift in Sources */,
				67ACF9DF2AE2E10A005E54E4 /* SelectAuditoryView.swift in Sources */,
				678ED20B2ADEFBF7001F4E79 /* StorageService.swift in Sources */,
				671BE11A2ACD9C3000310DA4 /* UINavigationController+Extension.swift in Sources */,
				67B3FBE32AC6E61A00366366 /* SelectItemView.swift in Sources */,
				6713616D2AC691BB00B78C42 /* ChoiceViewModel.swift in Sources */,
				67E9398D2AC602E100AB47ED /* UserType.swift in Sources */,
				67EDEC982AC9B1120003C3AD /* GroupModel.swift in Sources */,
				671287D32ACEB7E100EF5CF5 /* DayCellViewModel.swift in Sources */,
				6760AF3B2AC5D929000434A6 /* Font+Extension.swift in Sources */,
				67EDEC8D2AC87DB10003C3AD /* BaseEntity.swift in Sources */,
				67B3FBE12AC6DF7100366366 /* NetworkManager.swift in Sources */,
				67EDEC8A2AC87C890003C3AD /* ChoiceEntity.swift in Sources */,
				67C186A22AE63C5C0028B922 /* TextFieldClearButton.swift in Sources */,
				671287C82ACE910000EF5CF5 /* RozkladModel.swift in Sources */,
				6760AF512AC5E0A6000434A6 /* LottieHelper.swift in Sources */,
				67F67D572ACF26D20005534A /* TransformDate.swift in Sources */,
				6760AF3D2AC5DBAD000434A6 /* Color+Extension.swift in Sources */,
			);
			runOnlyForDeploymentPostprocessing = 0;
		};
/* End PBXSourcesBuildPhase section */

/* Begin XCBuildConfiguration section */
		6760AF282AC5C06C000434A6 /* Debug */ = {
			isa = XCBuildConfiguration;
			buildSettings = {
				ALWAYS_SEARCH_USER_PATHS = NO;
				ASSETCATALOG_COMPILER_GENERATE_SWIFT_ASSET_SYMBOL_EXTENSIONS = YES;
				CLANG_ANALYZER_NONNULL = YES;
				CLANG_ANALYZER_NUMBER_OBJECT_CONVERSION = YES_AGGRESSIVE;
				CLANG_CXX_LANGUAGE_STANDARD = "gnu++20";
				CLANG_ENABLE_MODULES = YES;
				CLANG_ENABLE_OBJC_ARC = YES;
				CLANG_ENABLE_OBJC_WEAK = YES;
				CLANG_WARN_BLOCK_CAPTURE_AUTORELEASING = YES;
				CLANG_WARN_BOOL_CONVERSION = YES;
				CLANG_WARN_COMMA = YES;
				CLANG_WARN_CONSTANT_CONVERSION = YES;
				CLANG_WARN_DEPRECATED_OBJC_IMPLEMENTATIONS = YES;
				CLANG_WARN_DIRECT_OBJC_ISA_USAGE = YES_ERROR;
				CLANG_WARN_DOCUMENTATION_COMMENTS = YES;
				CLANG_WARN_EMPTY_BODY = YES;
				CLANG_WARN_ENUM_CONVERSION = YES;
				CLANG_WARN_INFINITE_RECURSION = YES;
				CLANG_WARN_INT_CONVERSION = YES;
				CLANG_WARN_NON_LITERAL_NULL_CONVERSION = YES;
				CLANG_WARN_OBJC_IMPLICIT_RETAIN_SELF = YES;
				CLANG_WARN_OBJC_LITERAL_CONVERSION = YES;
				CLANG_WARN_OBJC_ROOT_CLASS = YES_ERROR;
				CLANG_WARN_QUOTED_INCLUDE_IN_FRAMEWORK_HEADER = YES;
				CLANG_WARN_RANGE_LOOP_ANALYSIS = YES;
				CLANG_WARN_STRICT_PROTOTYPES = YES;
				CLANG_WARN_SUSPICIOUS_MOVE = YES;
				CLANG_WARN_UNGUARDED_AVAILABILITY = YES_AGGRESSIVE;
				CLANG_WARN_UNREACHABLE_CODE = YES;
				CLANG_WARN__DUPLICATE_METHOD_MATCH = YES;
				COPY_PHASE_STRIP = NO;
				DEBUG_INFORMATION_FORMAT = "dwarf-with-dsym";
				ENABLE_STRICT_OBJC_MSGSEND = YES;
				ENABLE_TESTABILITY = YES;
				ENABLE_USER_SCRIPT_SANDBOXING = YES;
				GCC_C_LANGUAGE_STANDARD = gnu17;
				GCC_DYNAMIC_NO_PIC = NO;
				GCC_NO_COMMON_BLOCKS = YES;
				GCC_OPTIMIZATION_LEVEL = 0;
				GCC_PREPROCESSOR_DEFINITIONS = (
					"DEBUG=1",
					"$(inherited)",
				);
				GCC_WARN_64_TO_32_BIT_CONVERSION = YES;
				GCC_WARN_ABOUT_RETURN_TYPE = YES_ERROR;
				GCC_WARN_UNDECLARED_SELECTOR = YES;
				GCC_WARN_UNINITIALIZED_AUTOS = YES_AGGRESSIVE;
				GCC_WARN_UNUSED_FUNCTION = YES;
				GCC_WARN_UNUSED_VARIABLE = YES;
				IPHONEOS_DEPLOYMENT_TARGET = 15.0;
				LOCALIZATION_PREFERS_STRING_CATALOGS = YES;
				MTL_ENABLE_DEBUG_INFO = INCLUDE_SOURCE;
				MTL_FAST_MATH = YES;
				ONLY_ACTIVE_ARCH = YES;
				SDKROOT = iphoneos;
				SWIFT_ACTIVE_COMPILATION_CONDITIONS = "DEBUG $(inherited)";
				SWIFT_OPTIMIZATION_LEVEL = "-Onone";
			};
			name = Debug;
		};
		6760AF292AC5C06C000434A6 /* Release */ = {
			isa = XCBuildConfiguration;
			buildSettings = {
				ALWAYS_SEARCH_USER_PATHS = NO;
				ASSETCATALOG_COMPILER_GENERATE_SWIFT_ASSET_SYMBOL_EXTENSIONS = YES;
				CLANG_ANALYZER_NONNULL = YES;
				CLANG_ANALYZER_NUMBER_OBJECT_CONVERSION = YES_AGGRESSIVE;
				CLANG_CXX_LANGUAGE_STANDARD = "gnu++20";
				CLANG_ENABLE_MODULES = YES;
				CLANG_ENABLE_OBJC_ARC = YES;
				CLANG_ENABLE_OBJC_WEAK = YES;
				CLANG_WARN_BLOCK_CAPTURE_AUTORELEASING = YES;
				CLANG_WARN_BOOL_CONVERSION = YES;
				CLANG_WARN_COMMA = YES;
				CLANG_WARN_CONSTANT_CONVERSION = YES;
				CLANG_WARN_DEPRECATED_OBJC_IMPLEMENTATIONS = YES;
				CLANG_WARN_DIRECT_OBJC_ISA_USAGE = YES_ERROR;
				CLANG_WARN_DOCUMENTATION_COMMENTS = YES;
				CLANG_WARN_EMPTY_BODY = YES;
				CLANG_WARN_ENUM_CONVERSION = YES;
				CLANG_WARN_INFINITE_RECURSION = YES;
				CLANG_WARN_INT_CONVERSION = YES;
				CLANG_WARN_NON_LITERAL_NULL_CONVERSION = YES;
				CLANG_WARN_OBJC_IMPLICIT_RETAIN_SELF = YES;
				CLANG_WARN_OBJC_LITERAL_CONVERSION = YES;
				CLANG_WARN_OBJC_ROOT_CLASS = YES_ERROR;
				CLANG_WARN_QUOTED_INCLUDE_IN_FRAMEWORK_HEADER = YES;
				CLANG_WARN_RANGE_LOOP_ANALYSIS = YES;
				CLANG_WARN_STRICT_PROTOTYPES = YES;
				CLANG_WARN_SUSPICIOUS_MOVE = YES;
				CLANG_WARN_UNGUARDED_AVAILABILITY = YES_AGGRESSIVE;
				CLANG_WARN_UNREACHABLE_CODE = YES;
				CLANG_WARN__DUPLICATE_METHOD_MATCH = YES;
				COPY_PHASE_STRIP = NO;
				DEBUG_INFORMATION_FORMAT = "dwarf-with-dsym";
				ENABLE_NS_ASSERTIONS = NO;
				ENABLE_STRICT_OBJC_MSGSEND = YES;
				ENABLE_USER_SCRIPT_SANDBOXING = YES;
				GCC_C_LANGUAGE_STANDARD = gnu17;
				GCC_NO_COMMON_BLOCKS = YES;
				GCC_WARN_64_TO_32_BIT_CONVERSION = YES;
				GCC_WARN_ABOUT_RETURN_TYPE = YES_ERROR;
				GCC_WARN_UNDECLARED_SELECTOR = YES;
				GCC_WARN_UNINITIALIZED_AUTOS = YES_AGGRESSIVE;
				GCC_WARN_UNUSED_FUNCTION = YES;
				GCC_WARN_UNUSED_VARIABLE = YES;
				IPHONEOS_DEPLOYMENT_TARGET = 15.0;
				LOCALIZATION_PREFERS_STRING_CATALOGS = YES;
				MTL_ENABLE_DEBUG_INFO = NO;
				MTL_FAST_MATH = YES;
				SDKROOT = iphoneos;
				SWIFT_COMPILATION_MODE = wholemodule;
				VALIDATE_PRODUCT = YES;
			};
			name = Release;
		};
		6760AF2B2AC5C06C000434A6 /* Debug */ = {
			isa = XCBuildConfiguration;
			buildSettings = {
				ASSETCATALOG_COMPILER_APPICON_NAME = AppIcon;
				ASSETCATALOG_COMPILER_GLOBAL_ACCENT_COLOR_NAME = AccentColor;
				ASSETCATALOG_COMPILER_INCLUDE_ALL_APPICON_ASSETS = NO;
				CODE_SIGN_ENTITLEMENTS = ScheduleSUICT/ScheduleSUICT.entitlements;
				CODE_SIGN_STYLE = Automatic;
				CURRENT_PROJECT_VERSION = 1;
				DEVELOPMENT_ASSET_PATHS = "\"ScheduleSUICT/Preview Content\"";
				DEVELOPMENT_TEAM = 3A6QUB4V44;
				ENABLE_PREVIEWS = YES;
				GENERATE_INFOPLIST_FILE = YES;
				INFOPLIST_FILE = ScheduleSUICT/Info.plist;
				INFOPLIST_KEY_CFBundleDisplayName = "Розклад ДУІКТ";
				INFOPLIST_KEY_LSApplicationCategoryType = "public.app-category.productivity";
				INFOPLIST_KEY_UIApplicationSceneManifest_Generation = YES;
				INFOPLIST_KEY_UIApplicationSupportsIndirectInputEvents = YES;
				INFOPLIST_KEY_UILaunchScreen_Generation = YES;
				INFOPLIST_KEY_UISupportedInterfaceOrientations = UIInterfaceOrientationPortrait;
				INFOPLIST_KEY_UISupportedInterfaceOrientations_iPad = "UIInterfaceOrientationLandscapeLeft UIInterfaceOrientationLandscapeRight UIInterfaceOrientationPortrait UIInterfaceOrientationPortraitUpsideDown";
				INFOPLIST_KEY_UIUserInterfaceStyle = Light;
				IPHONEOS_DEPLOYMENT_TARGET = 15.0;
				LD_RUNPATH_SEARCH_PATHS = (
					"$(inherited)",
					"@executable_path/Frameworks",
				);
				MARKETING_VERSION = 1.0;
				PRODUCT_BUNDLE_IDENTIFIER = savitskyi.RozkladDUIKT;
				PRODUCT_NAME = "$(TARGET_NAME)";
				SUPPORTED_PLATFORMS = "iphoneos iphonesimulator";
				SUPPORTS_MACCATALYST = NO;
				SUPPORTS_MAC_DESIGNED_FOR_IPHONE_IPAD = NO;
				SWIFT_EMIT_LOC_STRINGS = YES;
				SWIFT_VERSION = 5.0;
				TARGETED_DEVICE_FAMILY = 1;
			};
			name = Debug;
		};
		6760AF2C2AC5C06C000434A6 /* Release */ = {
			isa = XCBuildConfiguration;
			buildSettings = {
				ASSETCATALOG_COMPILER_APPICON_NAME = AppIcon;
				ASSETCATALOG_COMPILER_GLOBAL_ACCENT_COLOR_NAME = AccentColor;
				ASSETCATALOG_COMPILER_INCLUDE_ALL_APPICON_ASSETS = NO;
				CODE_SIGN_ENTITLEMENTS = ScheduleSUICT/ScheduleSUICT.entitlements;
				CODE_SIGN_STYLE = Automatic;
				CURRENT_PROJECT_VERSION = 1;
				DEVELOPMENT_ASSET_PATHS = "\"ScheduleSUICT/Preview Content\"";
				DEVELOPMENT_TEAM = 3A6QUB4V44;
				ENABLE_PREVIEWS = YES;
				GENERATE_INFOPLIST_FILE = YES;
				INFOPLIST_FILE = ScheduleSUICT/Info.plist;
				INFOPLIST_KEY_CFBundleDisplayName = "Розклад ДУІКТ";
				INFOPLIST_KEY_LSApplicationCategoryType = "public.app-category.productivity";
				INFOPLIST_KEY_UIApplicationSceneManifest_Generation = YES;
				INFOPLIST_KEY_UIApplicationSupportsIndirectInputEvents = YES;
				INFOPLIST_KEY_UILaunchScreen_Generation = YES;
				INFOPLIST_KEY_UISupportedInterfaceOrientations = UIInterfaceOrientationPortrait;
				INFOPLIST_KEY_UISupportedInterfaceOrientations_iPad = "UIInterfaceOrientationLandscapeLeft UIInterfaceOrientationLandscapeRight UIInterfaceOrientationPortrait UIInterfaceOrientationPortraitUpsideDown";
				INFOPLIST_KEY_UIUserInterfaceStyle = Light;
				IPHONEOS_DEPLOYMENT_TARGET = 15.0;
				LD_RUNPATH_SEARCH_PATHS = (
					"$(inherited)",
					"@executable_path/Frameworks",
				);
				MARKETING_VERSION = 1.0;
				PRODUCT_BUNDLE_IDENTIFIER = savitskyi.RozkladDUIKT;
				PRODUCT_NAME = "$(TARGET_NAME)";
				SUPPORTED_PLATFORMS = "iphoneos iphonesimulator";
				SUPPORTS_MACCATALYST = NO;
				SUPPORTS_MAC_DESIGNED_FOR_IPHONE_IPAD = NO;
				SWIFT_EMIT_LOC_STRINGS = YES;
				SWIFT_VERSION = 5.0;
				TARGETED_DEVICE_FAMILY = 1;
			};
			name = Release;
		};
/* End XCBuildConfiguration section */

/* Begin XCConfigurationList section */
		6760AF172AC5C06A000434A6 /* Build configuration list for PBXProject "ScheduleSUICT" */ = {
			isa = XCConfigurationList;
			buildConfigurations = (
				6760AF282AC5C06C000434A6 /* Debug */,
				6760AF292AC5C06C000434A6 /* Release */,
			);
			defaultConfigurationIsVisible = 0;
			defaultConfigurationName = Release;
		};
		6760AF2A2AC5C06C000434A6 /* Build configuration list for PBXNativeTarget "ScheduleSUICT" */ = {
			isa = XCConfigurationList;
			buildConfigurations = (
				6760AF2B2AC5C06C000434A6 /* Debug */,
				6760AF2C2AC5C06C000434A6 /* Release */,
			);
			defaultConfigurationIsVisible = 0;
			defaultConfigurationName = Release;
		};
/* End XCConfigurationList section */

/* Begin XCRemoteSwiftPackageReference section */
		6764D6CB2AF7B33200BBA300 /* XCRemoteSwiftPackageReference "firebase-ios-sdk" */ = {
			isa = XCRemoteSwiftPackageReference;
			repositoryURL = "https://github.com/firebase/firebase-ios-sdk.git";
			requirement = {
				kind = upToNextMajorVersion;
				minimumVersion = 10.17.0;
			};
		};
		67ACF9D12AE2401B005E54E4 /* XCRemoteSwiftPackageReference "SwiftSoup" */ = {
			isa = XCRemoteSwiftPackageReference;
			repositoryURL = "https://github.com/scinfu/SwiftSoup.git";
			requirement = {
				kind = upToNextMajorVersion;
				minimumVersion = 2.6.1;
			};
		};
		67FB38AA2B0A8D6A00885BAB /* XCRemoteSwiftPackageReference "lottie-ios" */ = {
			isa = XCRemoteSwiftPackageReference;
			repositoryURL = "https://github.com/airbnb/lottie-ios.git";
			requirement = {
				kind = upToNextMajorVersion;
				minimumVersion = 4.3.3;
			};
		};
/* End XCRemoteSwiftPackageReference section */

/* Begin XCSwiftPackageProductDependency section */
		6764D6CC2AF7B33200BBA300 /* FirebaseAnalytics */ = {
			isa = XCSwiftPackageProductDependency;
			package = 6764D6CB2AF7B33200BBA300 /* XCRemoteSwiftPackageReference "firebase-ios-sdk" */;
			productName = FirebaseAnalytics;
		};
		6764D6CE2AF7B33200BBA300 /* FirebaseAnalyticsOnDeviceConversion */ = {
			isa = XCSwiftPackageProductDependency;
			package = 6764D6CB2AF7B33200BBA300 /* XCRemoteSwiftPackageReference "firebase-ios-sdk" */;
			productName = FirebaseAnalyticsOnDeviceConversion;
		};
		6764D6D02AF7B33200BBA300 /* FirebaseAnalyticsSwift */ = {
			isa = XCSwiftPackageProductDependency;
			package = 6764D6CB2AF7B33200BBA300 /* XCRemoteSwiftPackageReference "firebase-ios-sdk" */;
			productName = FirebaseAnalyticsSwift;
		};
		6764D6D22AF7B33200BBA300 /* FirebaseAnalyticsWithoutAdIdSupport */ = {
			isa = XCSwiftPackageProductDependency;
			package = 6764D6CB2AF7B33200BBA300 /* XCRemoteSwiftPackageReference "firebase-ios-sdk" */;
			productName = FirebaseAnalyticsWithoutAdIdSupport;
		};
		6764D6E82AF7B33200BBA300 /* FirebaseFirestoreSwift */ = {
			isa = XCSwiftPackageProductDependency;
			package = 6764D6CB2AF7B33200BBA300 /* XCRemoteSwiftPackageReference "firebase-ios-sdk" */;
			productName = FirebaseFirestoreSwift;
		};
		6764D7032AF7B3A400BBA300 /* FirebaseCrashlytics */ = {
			isa = XCSwiftPackageProductDependency;
			package = 6764D6CB2AF7B33200BBA300 /* XCRemoteSwiftPackageReference "firebase-ios-sdk" */;
			productName = FirebaseCrashlytics;
		};
		67ACF9D22AE2401B005E54E4 /* SwiftSoup */ = {
			isa = XCSwiftPackageProductDependency;
			package = 67ACF9D12AE2401B005E54E4 /* XCRemoteSwiftPackageReference "SwiftSoup" */;
			productName = SwiftSoup;
		};
		67FB38AB2B0A8D6B00885BAB /* Lottie */ = {
			isa = XCSwiftPackageProductDependency;
			package = 67FB38AA2B0A8D6A00885BAB /* XCRemoteSwiftPackageReference "lottie-ios" */;
			productName = Lottie;
		};
/* End XCSwiftPackageProductDependency section */
	};
	rootObject = 6760AF142AC5C06A000434A6 /* Project object */;
}
