// !$*UTF8*$!
{
	archiveVersion = 1;
	classes = {
	};
	objectVersion = 56;
	objects = {

/* Begin PBXBuildFile section */
		6713616D2AC691BB00B78C42 /* ChoiceViewModel.swift in Sources */ = {isa = PBXBuildFile; fileRef = 6713616C2AC691BB00B78C42 /* ChoiceViewModel.swift */; };
		671361722AC69C3300B78C42 /* SelectListView.swift in Sources */ = {isa = PBXBuildFile; fileRef = 671361712AC69C3300B78C42 /* SelectListView.swift */; };
		671361762AC69C4E00B78C42 /* SelectListViewModel.swift in Sources */ = {isa = PBXBuildFile; fileRef = 671361752AC69C4E00B78C42 /* SelectListViewModel.swift */; };
		672142D02ACC7ADB007FB14D /* loaderAnimation.json in Resources */ = {isa = PBXBuildFile; fileRef = 672142CF2ACC7ADB007FB14D /* loaderAnimation.json */; };
		672142D22ACC8E60007FB14D /* Lottie in Frameworks */ = {isa = PBXBuildFile; productRef = 672142D12ACC8E60007FB14D /* Lottie */; };
		6760AF202AC5C06A000434A6 /* ScheduleSUICTApp.swift in Sources */ = {isa = PBXBuildFile; fileRef = 6760AF1F2AC5C06A000434A6 /* ScheduleSUICTApp.swift */; };
		6760AF222AC5C06A000434A6 /* ContentView.swift in Sources */ = {isa = PBXBuildFile; fileRef = 6760AF212AC5C06A000434A6 /* ContentView.swift */; };
		6760AF242AC5C06C000434A6 /* Assets.xcassets in Resources */ = {isa = PBXBuildFile; fileRef = 6760AF232AC5C06C000434A6 /* Assets.xcassets */; };
		6760AF272AC5C06C000434A6 /* Preview Assets.xcassets in Resources */ = {isa = PBXBuildFile; fileRef = 6760AF262AC5C06C000434A6 /* Preview Assets.xcassets */; };
		6760AF312AC5D716000434A6 /* Gilroy-Semibold.ttf in Resources */ = {isa = PBXBuildFile; fileRef = 6760AF302AC5D716000434A6 /* Gilroy-Semibold.ttf */; };
		6760AF332AC5D751000434A6 /* Gilroy-Regular.ttf in Resources */ = {isa = PBXBuildFile; fileRef = 6760AF322AC5D751000434A6 /* Gilroy-Regular.ttf */; };
		6760AF352AC5D75C000434A6 /* Gilroy-Medium.ttf in Resources */ = {isa = PBXBuildFile; fileRef = 6760AF342AC5D75C000434A6 /* Gilroy-Medium.ttf */; };
		6760AF382AC5D7FA000434A6 /* Gilroy-Light.ttf in Resources */ = {isa = PBXBuildFile; fileRef = 6760AF372AC5D7FA000434A6 /* Gilroy-Light.ttf */; };
		6760AF3B2AC5D929000434A6 /* Font+Extension.swift in Sources */ = {isa = PBXBuildFile; fileRef = 6760AF3A2AC5D929000434A6 /* Font+Extension.swift */; };
		6760AF3D2AC5DBAD000434A6 /* Color+Extension.swift in Sources */ = {isa = PBXBuildFile; fileRef = 6760AF3C2AC5DBAD000434A6 /* Color+Extension.swift */; };
		6760AF402AC5DDCF000434A6 /* Lottie.swift in Sources */ = {isa = PBXBuildFile; fileRef = 6760AF3F2AC5DDCF000434A6 /* Lottie.swift */; };
		6760AF432AC5DDDF000434A6 /* Lottie in Frameworks */ = {isa = PBXBuildFile; productRef = 6760AF422AC5DDDF000434A6 /* Lottie */; };
		6760AF472AC5DE8E000434A6 /* ChoiceView.swift in Sources */ = {isa = PBXBuildFile; fileRef = 6760AF462AC5DE8E000434A6 /* ChoiceView.swift */; };
		6760AF492AC5DEAD000434A6 /* ChoiceCardView.swift in Sources */ = {isa = PBXBuildFile; fileRef = 6760AF482AC5DEAD000434A6 /* ChoiceCardView.swift */; };
		6760AF4C2AC5E019000434A6 /* studentAnimation.json in Resources */ = {isa = PBXBuildFile; fileRef = 6760AF4B2AC5E019000434A6 /* studentAnimation.json */; };
		6760AF4E2AC5E037000434A6 /* teacherAnimation.json in Resources */ = {isa = PBXBuildFile; fileRef = 6760AF4D2AC5E037000434A6 /* teacherAnimation.json */; };
		6760AF512AC5E0A6000434A6 /* LottieHelper.swift in Sources */ = {isa = PBXBuildFile; fileRef = 6760AF502AC5E0A6000434A6 /* LottieHelper.swift */; };
		67B3FBDC2AC6A3B500366366 /* Gilroy-Bold.ttf in Resources */ = {isa = PBXBuildFile; fileRef = 67B3FBDB2AC6A3B500366366 /* Gilroy-Bold.ttf */; };
		67B3FBDF2AC6D02700366366 /* NetworkLayer.swift in Sources */ = {isa = PBXBuildFile; fileRef = 67B3FBDE2AC6D02700366366 /* NetworkLayer.swift */; };
		67B3FBE12AC6DF7100366366 /* NetworkManager.swift in Sources */ = {isa = PBXBuildFile; fileRef = 67B3FBE02AC6DF7100366366 /* NetworkManager.swift */; };
		67B3FBE32AC6E61A00366366 /* SelectItemView.swift in Sources */ = {isa = PBXBuildFile; fileRef = 67B3FBE22AC6E61A00366366 /* SelectItemView.swift */; };
		67B3FBE52AC6E62D00366366 /* SelectItemViewModel.swift in Sources */ = {isa = PBXBuildFile; fileRef = 67B3FBE42AC6E62D00366366 /* SelectItemViewModel.swift */; };
		67B3FBE82AC6F4E900366366 /* FacultyModel.swift in Sources */ = {isa = PBXBuildFile; fileRef = 67B3FBE72AC6F4E900366366 /* FacultyModel.swift */; };
		67D0A0C02ACC40B60067412C /* LoaderView.swift in Sources */ = {isa = PBXBuildFile; fileRef = 67D0A0BF2ACC40B60067412C /* LoaderView.swift */; };
		67E9398D2AC602E100AB47ED /* UserType.swift in Sources */ = {isa = PBXBuildFile; fileRef = 67E9398C2AC602E100AB47ED /* UserType.swift */; };
		67E939912AC6086400AB47ED /* ChoiceCardViewModel.swift in Sources */ = {isa = PBXBuildFile; fileRef = 67E939902AC6086400AB47ED /* ChoiceCardViewModel.swift */; };
		67EDEC8A2AC87C890003C3AD /* ChoiceEntity.swift in Sources */ = {isa = PBXBuildFile; fileRef = 67EDEC892AC87C890003C3AD /* ChoiceEntity.swift */; };
		67EDEC8D2AC87DB10003C3AD /* BaseEntity.swift in Sources */ = {isa = PBXBuildFile; fileRef = 67EDEC8C2AC87DB10003C3AD /* BaseEntity.swift */; };
		67EDEC902AC8B2760003C3AD /* Inactive.swift in Sources */ = {isa = PBXBuildFile; fileRef = 67EDEC8F2AC8B2760003C3AD /* Inactive.swift */; };
		67EDEC952AC996DD0003C3AD /* URLRequest+Extension.swift in Sources */ = {isa = PBXBuildFile; fileRef = 67EDEC942AC996DD0003C3AD /* URLRequest+Extension.swift */; };
		67EDEC982AC9B1120003C3AD /* GroupModel.swift in Sources */ = {isa = PBXBuildFile; fileRef = 67EDEC972AC9B1120003C3AD /* GroupModel.swift */; };
		67EDEC9A2AC9D8DF0003C3AD /* ChairModel.swift in Sources */ = {isa = PBXBuildFile; fileRef = 67EDEC992AC9D8DF0003C3AD /* ChairModel.swift */; };
		67EDEC9C2AC9DD1A0003C3AD /* TeacherModel.swift in Sources */ = {isa = PBXBuildFile; fileRef = 67EDEC9B2AC9DD1A0003C3AD /* TeacherModel.swift */; };
		67F581272AC7DF7B003EC9F2 /* CourseModel.swift in Sources */ = {isa = PBXBuildFile; fileRef = 67F581262AC7DF7B003EC9F2 /* CourseModel.swift */; };
/* End PBXBuildFile section */

/* Begin PBXFileReference section */
		6713616C2AC691BB00B78C42 /* ChoiceViewModel.swift */ = {isa = PBXFileReference; lastKnownFileType = sourcecode.swift; path = ChoiceViewModel.swift; sourceTree = "<group>"; };
		671361712AC69C3300B78C42 /* SelectListView.swift */ = {isa = PBXFileReference; lastKnownFileType = sourcecode.swift; path = SelectListView.swift; sourceTree = "<group>"; };
		671361752AC69C4E00B78C42 /* SelectListViewModel.swift */ = {isa = PBXFileReference; lastKnownFileType = sourcecode.swift; path = SelectListViewModel.swift; sourceTree = "<group>"; };
		672142CF2ACC7ADB007FB14D /* loaderAnimation.json */ = {isa = PBXFileReference; fileEncoding = 4; lastKnownFileType = text.json; path = loaderAnimation.json; sourceTree = "<group>"; };
		6760AF1C2AC5C06A000434A6 /* ScheduleSUICT.app */ = {isa = PBXFileReference; explicitFileType = wrapper.application; includeInIndex = 0; path = ScheduleSUICT.app; sourceTree = BUILT_PRODUCTS_DIR; };
		6760AF1F2AC5C06A000434A6 /* ScheduleSUICTApp.swift */ = {isa = PBXFileReference; lastKnownFileType = sourcecode.swift; path = ScheduleSUICTApp.swift; sourceTree = "<group>"; };
		6760AF212AC5C06A000434A6 /* ContentView.swift */ = {isa = PBXFileReference; lastKnownFileType = sourcecode.swift; path = ContentView.swift; sourceTree = "<group>"; };
		6760AF232AC5C06C000434A6 /* Assets.xcassets */ = {isa = PBXFileReference; lastKnownFileType = folder.assetcatalog; path = Assets.xcassets; sourceTree = "<group>"; };
		6760AF262AC5C06C000434A6 /* Preview Assets.xcassets */ = {isa = PBXFileReference; lastKnownFileType = folder.assetcatalog; path = "Preview Assets.xcassets"; sourceTree = "<group>"; };
		6760AF302AC5D716000434A6 /* Gilroy-Semibold.ttf */ = {isa = PBXFileReference; lastKnownFileType = file; path = "Gilroy-Semibold.ttf"; sourceTree = "<group>"; };
		6760AF322AC5D751000434A6 /* Gilroy-Regular.ttf */ = {isa = PBXFileReference; lastKnownFileType = file; path = "Gilroy-Regular.ttf"; sourceTree = "<group>"; };
		6760AF342AC5D75C000434A6 /* Gilroy-Medium.ttf */ = {isa = PBXFileReference; lastKnownFileType = file; path = "Gilroy-Medium.ttf"; sourceTree = "<group>"; };
		6760AF362AC5D7A0000434A6 /* Info.plist */ = {isa = PBXFileReference; lastKnownFileType = text.plist; path = Info.plist; sourceTree = "<group>"; };
		6760AF372AC5D7FA000434A6 /* Gilroy-Light.ttf */ = {isa = PBXFileReference; lastKnownFileType = file; path = "Gilroy-Light.ttf"; sourceTree = "<group>"; };
		6760AF3A2AC5D929000434A6 /* Font+Extension.swift */ = {isa = PBXFileReference; lastKnownFileType = sourcecode.swift; path = "Font+Extension.swift"; sourceTree = "<group>"; };
		6760AF3C2AC5DBAD000434A6 /* Color+Extension.swift */ = {isa = PBXFileReference; lastKnownFileType = sourcecode.swift; path = "Color+Extension.swift"; sourceTree = "<group>"; };
		6760AF3F2AC5DDCF000434A6 /* Lottie.swift */ = {isa = PBXFileReference; lastKnownFileType = sourcecode.swift; path = Lottie.swift; sourceTree = "<group>"; };
		6760AF462AC5DE8E000434A6 /* ChoiceView.swift */ = {isa = PBXFileReference; lastKnownFileType = sourcecode.swift; path = ChoiceView.swift; sourceTree = "<group>"; };
		6760AF482AC5DEAD000434A6 /* ChoiceCardView.swift */ = {isa = PBXFileReference; lastKnownFileType = sourcecode.swift; path = ChoiceCardView.swift; sourceTree = "<group>"; };
		6760AF4B2AC5E019000434A6 /* studentAnimation.json */ = {isa = PBXFileReference; fileEncoding = 4; lastKnownFileType = text.json; path = studentAnimation.json; sourceTree = "<group>"; };
		6760AF4D2AC5E037000434A6 /* teacherAnimation.json */ = {isa = PBXFileReference; fileEncoding = 4; lastKnownFileType = text.json; path = teacherAnimation.json; sourceTree = "<group>"; };
		6760AF502AC5E0A6000434A6 /* LottieHelper.swift */ = {isa = PBXFileReference; lastKnownFileType = sourcecode.swift; path = LottieHelper.swift; sourceTree = "<group>"; };
		67B3FBDB2AC6A3B500366366 /* Gilroy-Bold.ttf */ = {isa = PBXFileReference; lastKnownFileType = file; path = "Gilroy-Bold.ttf"; sourceTree = "<group>"; };
		67B3FBDE2AC6D02700366366 /* NetworkLayer.swift */ = {isa = PBXFileReference; lastKnownFileType = sourcecode.swift; path = NetworkLayer.swift; sourceTree = "<group>"; };
		67B3FBE02AC6DF7100366366 /* NetworkManager.swift */ = {isa = PBXFileReference; lastKnownFileType = sourcecode.swift; path = NetworkManager.swift; sourceTree = "<group>"; };
		67B3FBE22AC6E61A00366366 /* SelectItemView.swift */ = {isa = PBXFileReference; lastKnownFileType = sourcecode.swift; path = SelectItemView.swift; sourceTree = "<group>"; };
		67B3FBE42AC6E62D00366366 /* SelectItemViewModel.swift */ = {isa = PBXFileReference; lastKnownFileType = sourcecode.swift; path = SelectItemViewModel.swift; sourceTree = "<group>"; };
		67B3FBE72AC6F4E900366366 /* FacultyModel.swift */ = {isa = PBXFileReference; lastKnownFileType = sourcecode.swift; path = FacultyModel.swift; sourceTree = "<group>"; };
		67D0A0BF2ACC40B60067412C /* LoaderView.swift */ = {isa = PBXFileReference; lastKnownFileType = sourcecode.swift; path = LoaderView.swift; sourceTree = "<group>"; };
		67E9398C2AC602E100AB47ED /* UserType.swift */ = {isa = PBXFileReference; lastKnownFileType = sourcecode.swift; path = UserType.swift; sourceTree = "<group>"; };
		67E939902AC6086400AB47ED /* ChoiceCardViewModel.swift */ = {isa = PBXFileReference; lastKnownFileType = sourcecode.swift; path = ChoiceCardViewModel.swift; sourceTree = "<group>"; };
		67EDEC892AC87C890003C3AD /* ChoiceEntity.swift */ = {isa = PBXFileReference; lastKnownFileType = sourcecode.swift; path = ChoiceEntity.swift; sourceTree = "<group>"; };
		67EDEC8C2AC87DB10003C3AD /* BaseEntity.swift */ = {isa = PBXFileReference; lastKnownFileType = sourcecode.swift; path = BaseEntity.swift; sourceTree = "<group>"; };
		67EDEC8F2AC8B2760003C3AD /* Inactive.swift */ = {isa = PBXFileReference; lastKnownFileType = sourcecode.swift; path = Inactive.swift; sourceTree = "<group>"; };
		67EDEC942AC996DD0003C3AD /* URLRequest+Extension.swift */ = {isa = PBXFileReference; lastKnownFileType = sourcecode.swift; path = "URLRequest+Extension.swift"; sourceTree = "<group>"; };
		67EDEC972AC9B1120003C3AD /* GroupModel.swift */ = {isa = PBXFileReference; lastKnownFileType = sourcecode.swift; path = GroupModel.swift; sourceTree = "<group>"; };
		67EDEC992AC9D8DF0003C3AD /* ChairModel.swift */ = {isa = PBXFileReference; lastKnownFileType = sourcecode.swift; path = ChairModel.swift; sourceTree = "<group>"; };
		67EDEC9B2AC9DD1A0003C3AD /* TeacherModel.swift */ = {isa = PBXFileReference; lastKnownFileType = sourcecode.swift; path = TeacherModel.swift; sourceTree = "<group>"; };
		67F581262AC7DF7B003EC9F2 /* CourseModel.swift */ = {isa = PBXFileReference; lastKnownFileType = sourcecode.swift; path = CourseModel.swift; sourceTree = "<group>"; };
/* End PBXFileReference section */

/* Begin PBXFrameworksBuildPhase section */
		6760AF192AC5C06A000434A6 /* Frameworks */ = {
			isa = PBXFrameworksBuildPhase;
			buildActionMask = 2147483647;
			files = (
				6760AF432AC5DDDF000434A6 /* Lottie in Frameworks */,
				672142D22ACC8E60007FB14D /* Lottie in Frameworks */,
			);
			runOnlyForDeploymentPostprocessing = 0;
		};
/* End PBXFrameworksBuildPhase section */

/* Begin PBXGroup section */
		6713616E2AC69BC600B78C42 /* SelectList */ = {
			isa = PBXGroup;
			children = (
				6713616F2AC69C1E00B78C42 /* View */,
				671361702AC69C2300B78C42 /* ViewModel */,
			);
			path = SelectList;
			sourceTree = "<group>";
		};
		6713616F2AC69C1E00B78C42 /* View */ = {
			isa = PBXGroup;
			children = (
				671361712AC69C3300B78C42 /* SelectListView.swift */,
				67B3FBE22AC6E61A00366366 /* SelectItemView.swift */,
			);
			path = View;
			sourceTree = "<group>";
		};
		671361702AC69C2300B78C42 /* ViewModel */ = {
			isa = PBXGroup;
			children = (
				671361752AC69C4E00B78C42 /* SelectListViewModel.swift */,
				67B3FBE42AC6E62D00366366 /* SelectItemViewModel.swift */,
			);
			path = ViewModel;
			sourceTree = "<group>";
		};
		6760AF132AC5C06A000434A6 = {
			isa = PBXGroup;
			children = (
				6760AF1E2AC5C06A000434A6 /* ScheduleSUICT */,
				6760AF1D2AC5C06A000434A6 /* Products */,
			);
			sourceTree = "<group>";
		};
		6760AF1D2AC5C06A000434A6 /* Products */ = {
			isa = PBXGroup;
			children = (
				6760AF1C2AC5C06A000434A6 /* ScheduleSUICT.app */,
			);
			name = Products;
			sourceTree = "<group>";
		};
		6760AF1E2AC5C06A000434A6 /* ScheduleSUICT */ = {
			isa = PBXGroup;
			children = (
				6760AF1F2AC5C06A000434A6 /* ScheduleSUICTApp.swift */,
				6760AF212AC5C06A000434A6 /* ContentView.swift */,
				6760AF442AC5DE16000434A6 /* Modules */,
				6760AF3E2AC5DDAA000434A6 /* Views */,
				67EDEC8E2AC8B1280003C3AD /* Modifiers */,
				67EDEC882AC8753E0003C3AD /* Entities */,
				67B3FBE62AC6F4C100366366 /* Models */,
				67B3FBDD2AC6AE0400366366 /* Network */,
				6760AF4F2AC5E086000434A6 /* Helper */,
				6760AF392AC5D893000434A6 /* Extensions */,
				6760AF4A2AC5DFF0000434A6 /* LottieJSON */,
				6760AF232AC5C06C000434A6 /* Assets.xcassets */,
				6760AF2D2AC5D6E3000434A6 /* Fonts */,
				6760AF252AC5C06C000434A6 /* Preview Content */,
				6760AF362AC5D7A0000434A6 /* Info.plist */,
			);
			path = ScheduleSUICT;
			sourceTree = "<group>";
		};
		6760AF252AC5C06C000434A6 /* Preview Content */ = {
			isa = PBXGroup;
			children = (
				6760AF262AC5C06C000434A6 /* Preview Assets.xcassets */,
			);
			path = "Preview Content";
			sourceTree = "<group>";
		};
		6760AF2D2AC5D6E3000434A6 /* Fonts */ = {
			isa = PBXGroup;
			children = (
				6760AF322AC5D751000434A6 /* Gilroy-Regular.ttf */,
				6760AF302AC5D716000434A6 /* Gilroy-Semibold.ttf */,
				6760AF342AC5D75C000434A6 /* Gilroy-Medium.ttf */,
				6760AF372AC5D7FA000434A6 /* Gilroy-Light.ttf */,
				67B3FBDB2AC6A3B500366366 /* Gilroy-Bold.ttf */,
			);
			path = Fonts;
			sourceTree = "<group>";
		};
		6760AF392AC5D893000434A6 /* Extensions */ = {
			isa = PBXGroup;
			children = (
				6760AF3A2AC5D929000434A6 /* Font+Extension.swift */,
				6760AF3C2AC5DBAD000434A6 /* Color+Extension.swift */,
				67EDEC942AC996DD0003C3AD /* URLRequest+Extension.swift */,
			);
			path = Extensions;
			sourceTree = "<group>";
		};
		6760AF3E2AC5DDAA000434A6 /* Views */ = {
			isa = PBXGroup;
			children = (
				67EDEC782AC7EE990003C3AD /* Lottie */,
				67D0A0BF2ACC40B60067412C /* LoaderView.swift */,
			);
			path = Views;
			sourceTree = "<group>";
		};
		6760AF442AC5DE16000434A6 /* Modules */ = {
			isa = PBXGroup;
			children = (
				6760AF452AC5DE79000434A6 /* Choice */,
				6713616E2AC69BC600B78C42 /* SelectList */,
			);
			path = Modules;
			sourceTree = "<group>";
		};
		6760AF452AC5DE79000434A6 /* Choice */ = {
			isa = PBXGroup;
			children = (
				67E9398E2AC6082400AB47ED /* View */,
				67E9398F2AC6082D00AB47ED /* ViewModel */,
			);
			path = Choice;
			sourceTree = "<group>";
		};
		6760AF4A2AC5DFF0000434A6 /* LottieJSON */ = {
			isa = PBXGroup;
			children = (
				6760AF4B2AC5E019000434A6 /* studentAnimation.json */,
				6760AF4D2AC5E037000434A6 /* teacherAnimation.json */,
				672142CF2ACC7ADB007FB14D /* loaderAnimation.json */,
			);
			path = LottieJSON;
			sourceTree = "<group>";
		};
		6760AF4F2AC5E086000434A6 /* Helper */ = {
			isa = PBXGroup;
			children = (
				6760AF502AC5E0A6000434A6 /* LottieHelper.swift */,
				67E9398C2AC602E100AB47ED /* UserType.swift */,
			);
			path = Helper;
			sourceTree = "<group>";
		};
		67B3FBDD2AC6AE0400366366 /* Network */ = {
			isa = PBXGroup;
			children = (
				67B3FBDE2AC6D02700366366 /* NetworkLayer.swift */,
				67B3FBE02AC6DF7100366366 /* NetworkManager.swift */,
			);
			path = Network;
			sourceTree = "<group>";
		};
		67B3FBE62AC6F4C100366366 /* Models */ = {
			isa = PBXGroup;
			children = (
				67B3FBE72AC6F4E900366366 /* FacultyModel.swift */,
				67F581262AC7DF7B003EC9F2 /* CourseModel.swift */,
				67EDEC972AC9B1120003C3AD /* GroupModel.swift */,
				67EDEC992AC9D8DF0003C3AD /* ChairModel.swift */,
				67EDEC9B2AC9DD1A0003C3AD /* TeacherModel.swift */,
			);
			path = Models;
			sourceTree = "<group>";
		};
		67E9398E2AC6082400AB47ED /* View */ = {
			isa = PBXGroup;
			children = (
				6760AF462AC5DE8E000434A6 /* ChoiceView.swift */,
				6760AF482AC5DEAD000434A6 /* ChoiceCardView.swift */,
			);
			path = View;
			sourceTree = "<group>";
		};
		67E9398F2AC6082D00AB47ED /* ViewModel */ = {
			isa = PBXGroup;
			children = (
				6713616C2AC691BB00B78C42 /* ChoiceViewModel.swift */,
				67E939902AC6086400AB47ED /* ChoiceCardViewModel.swift */,
			);
			path = ViewModel;
			sourceTree = "<group>";
		};
		67EDEC782AC7EE990003C3AD /* Lottie */ = {
			isa = PBXGroup;
			children = (
				6760AF3F2AC5DDCF000434A6 /* Lottie.swift */,
			);
			path = Lottie;
			sourceTree = "<group>";
		};
		67EDEC882AC8753E0003C3AD /* Entities */ = {
			isa = PBXGroup;
			children = (
				67EDEC8C2AC87DB10003C3AD /* BaseEntity.swift */,
				67EDEC892AC87C890003C3AD /* ChoiceEntity.swift */,
			);
			path = Entities;
			sourceTree = "<group>";
		};
		67EDEC8E2AC8B1280003C3AD /* Modifiers */ = {
			isa = PBXGroup;
			children = (
				67EDEC8F2AC8B2760003C3AD /* Inactive.swift */,
			);
			path = Modifiers;
			sourceTree = "<group>";
		};
/* End PBXGroup section */

/* Begin PBXNativeTarget section */
		6760AF1B2AC5C06A000434A6 /* ScheduleSUICT */ = {
			isa = PBXNativeTarget;
			buildConfigurationList = 6760AF2A2AC5C06C000434A6 /* Build configuration list for PBXNativeTarget "ScheduleSUICT" */;
			buildPhases = (
				6760AF182AC5C06A000434A6 /* Sources */,
				6760AF192AC5C06A000434A6 /* Frameworks */,
				6760AF1A2AC5C06A000434A6 /* Resources */,
			);
			buildRules = (
			);
			dependencies = (
			);
			name = ScheduleSUICT;
			packageProductDependencies = (
				6760AF422AC5DDDF000434A6 /* Lottie */,
				672142D12ACC8E60007FB14D /* Lottie */,
			);
			productName = ScheduleSUICT;
			productReference = 6760AF1C2AC5C06A000434A6 /* ScheduleSUICT.app */;
			productType = "com.apple.product-type.application";
		};
/* End PBXNativeTarget section */

/* Begin PBXProject section */
		6760AF142AC5C06A000434A6 /* Project object */ = {
			isa = PBXProject;
			attributes = {
				BuildIndependentTargetsInParallel = 1;
				LastSwiftUpdateCheck = 1500;
				LastUpgradeCheck = 1500;
				TargetAttributes = {
					6760AF1B2AC5C06A000434A6 = {
						CreatedOnToolsVersion = 15.0;
					};
				};
			};
			buildConfigurationList = 6760AF172AC5C06A000434A6 /* Build configuration list for PBXProject "ScheduleSUICT" */;
			compatibilityVersion = "Xcode 14.0";
			developmentRegion = en;
			hasScannedForEncodings = 0;
			knownRegions = (
				en,
				Base,
			);
			mainGroup = 6760AF132AC5C06A000434A6;
			packageReferences = (
				6760AF412AC5DDDF000434A6 /* XCRemoteSwiftPackageReference "lottie-ios" */,
			);
			productRefGroup = 6760AF1D2AC5C06A000434A6 /* Products */;
			projectDirPath = "";
			projectRoot = "";
			targets = (
				6760AF1B2AC5C06A000434A6 /* ScheduleSUICT */,
			);
		};
/* End PBXProject section */

/* Begin PBXResourcesBuildPhase section */
		6760AF1A2AC5C06A000434A6 /* Resources */ = {
			isa = PBXResourcesBuildPhase;
			buildActionMask = 2147483647;
			files = (
				6760AF332AC5D751000434A6 /* Gilroy-Regular.ttf in Resources */,
				6760AF4C2AC5E019000434A6 /* studentAnimation.json in Resources */,
				6760AF352AC5D75C000434A6 /* Gilroy-Medium.ttf in Resources */,
				67B3FBDC2AC6A3B500366366 /* Gilroy-Bold.ttf in Resources */,
				672142D02ACC7ADB007FB14D /* loaderAnimation.json in Resources */,
				6760AF272AC5C06C000434A6 /* Preview Assets.xcassets in Resources */,
				6760AF382AC5D7FA000434A6 /* Gilroy-Light.ttf in Resources */,
				6760AF4E2AC5E037000434A6 /* teacherAnimation.json in Resources */,
				6760AF312AC5D716000434A6 /* Gilroy-Semibold.ttf in Resources */,
				6760AF242AC5C06C000434A6 /* Assets.xcassets in Resources */,
			);
			runOnlyForDeploymentPostprocessing = 0;
		};
/* End PBXResourcesBuildPhase section */

/* Begin PBXSourcesBuildPhase section */
		6760AF182AC5C06A000434A6 /* Sources */ = {
			isa = PBXSourcesBuildPhase;
			buildActionMask = 2147483647;
			files = (
				67B3FBE82AC6F4E900366366 /* FacultyModel.swift in Sources */,
				67B3FBDF2AC6D02700366366 /* NetworkLayer.swift in Sources */,
				6760AF402AC5DDCF000434A6 /* Lottie.swift in Sources */,
				6760AF472AC5DE8E000434A6 /* ChoiceView.swift in Sources */,
				67EDEC9C2AC9DD1A0003C3AD /* TeacherModel.swift in Sources */,
				6760AF222AC5C06A000434A6 /* ContentView.swift in Sources */,
				6760AF492AC5DEAD000434A6 /* ChoiceCardView.swift in Sources */,
				67F581272AC7DF7B003EC9F2 /* CourseModel.swift in Sources */,
				67EDEC952AC996DD0003C3AD /* URLRequest+Extension.swift in Sources */,
				67B3FBE52AC6E62D00366366 /* SelectItemViewModel.swift in Sources */,
				6760AF202AC5C06A000434A6 /* ScheduleSUICTApp.swift in Sources */,
				671361762AC69C4E00B78C42 /* SelectListViewModel.swift in Sources */,
				67EDEC902AC8B2760003C3AD /* Inactive.swift in Sources */,
				67E939912AC6086400AB47ED /* ChoiceCardViewModel.swift in Sources */,
				67EDEC9A2AC9D8DF0003C3AD /* ChairModel.swift in Sources */,
				671361722AC69C3300B78C42 /* SelectListView.swift in Sources */,
				67B3FBE32AC6E61A00366366 /* SelectItemView.swift in Sources */,
				67D0A0C02ACC40B60067412C /* LoaderView.swift in Sources */,
				6713616D2AC691BB00B78C42 /* ChoiceViewModel.swift in Sources */,
				67E9398D2AC602E100AB47ED /* UserType.swift in Sources */,
				67EDEC982AC9B1120003C3AD /* GroupModel.swift in Sources */,
				6760AF3B2AC5D929000434A6 /* Font+Extension.swift in Sources */,
				67EDEC8D2AC87DB10003C3AD /* BaseEntity.swift in Sources */,
				67B3FBE12AC6DF7100366366 /* NetworkManager.swift in Sources */,
				67EDEC8A2AC87C890003C3AD /* ChoiceEntity.swift in Sources */,
				6760AF512AC5E0A6000434A6 /* LottieHelper.swift in Sources */,
				6760AF3D2AC5DBAD000434A6 /* Color+Extension.swift in Sources */,
			);
			runOnlyForDeploymentPostprocessing = 0;
		};
/* End PBXSourcesBuildPhase section */

/* Begin XCBuildConfiguration section */
		6760AF282AC5C06C000434A6 /* Debug */ = {
			isa = XCBuildConfiguration;
			buildSettings = {
				ALWAYS_SEARCH_USER_PATHS = NO;
				ASSETCATALOG_COMPILER_GENERATE_SWIFT_ASSET_SYMBOL_EXTENSIONS = YES;
				CLANG_ANALYZER_NONNULL = YES;
				CLANG_ANALYZER_NUMBER_OBJECT_CONVERSION = YES_AGGRESSIVE;
				CLANG_CXX_LANGUAGE_STANDARD = "gnu++20";
				CLANG_ENABLE_MODULES = YES;
				CLANG_ENABLE_OBJC_ARC = YES;
				CLANG_ENABLE_OBJC_WEAK = YES;
				CLANG_WARN_BLOCK_CAPTURE_AUTORELEASING = YES;
				CLANG_WARN_BOOL_CONVERSION = YES;
				CLANG_WARN_COMMA = YES;
				CLANG_WARN_CONSTANT_CONVERSION = YES;
				CLANG_WARN_DEPRECATED_OBJC_IMPLEMENTATIONS = YES;
				CLANG_WARN_DIRECT_OBJC_ISA_USAGE = YES_ERROR;
				CLANG_WARN_DOCUMENTATION_COMMENTS = YES;
				CLANG_WARN_EMPTY_BODY = YES;
				CLANG_WARN_ENUM_CONVERSION = YES;
				CLANG_WARN_INFINITE_RECURSION = YES;
				CLANG_WARN_INT_CONVERSION = YES;
				CLANG_WARN_NON_LITERAL_NULL_CONVERSION = YES;
				CLANG_WARN_OBJC_IMPLICIT_RETAIN_SELF = YES;
				CLANG_WARN_OBJC_LITERAL_CONVERSION = YES;
				CLANG_WARN_OBJC_ROOT_CLASS = YES_ERROR;
				CLANG_WARN_QUOTED_INCLUDE_IN_FRAMEWORK_HEADER = YES;
				CLANG_WARN_RANGE_LOOP_ANALYSIS = YES;
				CLANG_WARN_STRICT_PROTOTYPES = YES;
				CLANG_WARN_SUSPICIOUS_MOVE = YES;
				CLANG_WARN_UNGUARDED_AVAILABILITY = YES_AGGRESSIVE;
				CLANG_WARN_UNREACHABLE_CODE = YES;
				CLANG_WARN__DUPLICATE_METHOD_MATCH = YES;
				COPY_PHASE_STRIP = NO;
				DEBUG_INFORMATION_FORMAT = dwarf;
				ENABLE_STRICT_OBJC_MSGSEND = YES;
				ENABLE_TESTABILITY = YES;
				ENABLE_USER_SCRIPT_SANDBOXING = YES;
				GCC_C_LANGUAGE_STANDARD = gnu17;
				GCC_DYNAMIC_NO_PIC = NO;
				GCC_NO_COMMON_BLOCKS = YES;
				GCC_OPTIMIZATION_LEVEL = 0;
				GCC_PREPROCESSOR_DEFINITIONS = (
					"DEBUG=1",
					"$(inherited)",
				);
				GCC_WARN_64_TO_32_BIT_CONVERSION = YES;
				GCC_WARN_ABOUT_RETURN_TYPE = YES_ERROR;
				GCC_WARN_UNDECLARED_SELECTOR = YES;
				GCC_WARN_UNINITIALIZED_AUTOS = YES_AGGRESSIVE;
				GCC_WARN_UNUSED_FUNCTION = YES;
				GCC_WARN_UNUSED_VARIABLE = YES;
				IPHONEOS_DEPLOYMENT_TARGET = 17.0;
				LOCALIZATION_PREFERS_STRING_CATALOGS = YES;
				MTL_ENABLE_DEBUG_INFO = INCLUDE_SOURCE;
				MTL_FAST_MATH = YES;
				ONLY_ACTIVE_ARCH = YES;
				SDKROOT = iphoneos;
				SWIFT_ACTIVE_COMPILATION_CONDITIONS = "DEBUG $(inherited)";
				SWIFT_OPTIMIZATION_LEVEL = "-Onone";
			};
			name = Debug;
		};
		6760AF292AC5C06C000434A6 /* Release */ = {
			isa = XCBuildConfiguration;
			buildSettings = {
				ALWAYS_SEARCH_USER_PATHS = NO;
				ASSETCATALOG_COMPILER_GENERATE_SWIFT_ASSET_SYMBOL_EXTENSIONS = YES;
				CLANG_ANALYZER_NONNULL = YES;
				CLANG_ANALYZER_NUMBER_OBJECT_CONVERSION = YES_AGGRESSIVE;
				CLANG_CXX_LANGUAGE_STANDARD = "gnu++20";
				CLANG_ENABLE_MODULES = YES;
				CLANG_ENABLE_OBJC_ARC = YES;
				CLANG_ENABLE_OBJC_WEAK = YES;
				CLANG_WARN_BLOCK_CAPTURE_AUTORELEASING = YES;
				CLANG_WARN_BOOL_CONVERSION = YES;
				CLANG_WARN_COMMA = YES;
				CLANG_WARN_CONSTANT_CONVERSION = YES;
				CLANG_WARN_DEPRECATED_OBJC_IMPLEMENTATIONS = YES;
				CLANG_WARN_DIRECT_OBJC_ISA_USAGE = YES_ERROR;
				CLANG_WARN_DOCUMENTATION_COMMENTS = YES;
				CLANG_WARN_EMPTY_BODY = YES;
				CLANG_WARN_ENUM_CONVERSION = YES;
				CLANG_WARN_INFINITE_RECURSION = YES;
				CLANG_WARN_INT_CONVERSION = YES;
				CLANG_WARN_NON_LITERAL_NULL_CONVERSION = YES;
				CLANG_WARN_OBJC_IMPLICIT_RETAIN_SELF = YES;
				CLANG_WARN_OBJC_LITERAL_CONVERSION = YES;
				CLANG_WARN_OBJC_ROOT_CLASS = YES_ERROR;
				CLANG_WARN_QUOTED_INCLUDE_IN_FRAMEWORK_HEADER = YES;
				CLANG_WARN_RANGE_LOOP_ANALYSIS = YES;
				CLANG_WARN_STRICT_PROTOTYPES = YES;
				CLANG_WARN_SUSPICIOUS_MOVE = YES;
				CLANG_WARN_UNGUARDED_AVAILABILITY = YES_AGGRESSIVE;
				CLANG_WARN_UNREACHABLE_CODE = YES;
				CLANG_WARN__DUPLICATE_METHOD_MATCH = YES;
				COPY_PHASE_STRIP = NO;
				DEBUG_INFORMATION_FORMAT = "dwarf-with-dsym";
				ENABLE_NS_ASSERTIONS = NO;
				ENABLE_STRICT_OBJC_MSGSEND = YES;
				ENABLE_USER_SCRIPT_SANDBOXING = YES;
				GCC_C_LANGUAGE_STANDARD = gnu17;
				GCC_NO_COMMON_BLOCKS = YES;
				GCC_WARN_64_TO_32_BIT_CONVERSION = YES;
				GCC_WARN_ABOUT_RETURN_TYPE = YES_ERROR;
				GCC_WARN_UNDECLARED_SELECTOR = YES;
				GCC_WARN_UNINITIALIZED_AUTOS = YES_AGGRESSIVE;
				GCC_WARN_UNUSED_FUNCTION = YES;
				GCC_WARN_UNUSED_VARIABLE = YES;
				IPHONEOS_DEPLOYMENT_TARGET = 17.0;
				LOCALIZATION_PREFERS_STRING_CATALOGS = YES;
				MTL_ENABLE_DEBUG_INFO = NO;
				MTL_FAST_MATH = YES;
				SDKROOT = iphoneos;
				SWIFT_COMPILATION_MODE = wholemodule;
				VALIDATE_PRODUCT = YES;
			};
			name = Release;
		};
		6760AF2B2AC5C06C000434A6 /* Debug */ = {
			isa = XCBuildConfiguration;
			buildSettings = {
				ASSETCATALOG_COMPILER_APPICON_NAME = AppIcon;
				ASSETCATALOG_COMPILER_GLOBAL_ACCENT_COLOR_NAME = AccentColor;
				ASSETCATALOG_COMPILER_INCLUDE_ALL_APPICON_ASSETS = NO;
				CODE_SIGN_STYLE = Automatic;
				CURRENT_PROJECT_VERSION = 1;
				DEVELOPMENT_ASSET_PATHS = "\"ScheduleSUICT/Preview Content\"";
				DEVELOPMENT_TEAM = 3A6QUB4V44;
				ENABLE_PREVIEWS = YES;
				GENERATE_INFOPLIST_FILE = YES;
				INFOPLIST_FILE = ScheduleSUICT/Info.plist;
				INFOPLIST_KEY_CFBundleDisplayName = "Розклад ДУІКТ";
				INFOPLIST_KEY_LSApplicationCategoryType = "public.app-category.productivity";
				INFOPLIST_KEY_UIApplicationSceneManifest_Generation = YES;
				INFOPLIST_KEY_UIApplicationSupportsIndirectInputEvents = YES;
				INFOPLIST_KEY_UILaunchScreen_Generation = YES;
				INFOPLIST_KEY_UISupportedInterfaceOrientations = UIInterfaceOrientationPortrait;
				INFOPLIST_KEY_UISupportedInterfaceOrientations_iPad = "UIInterfaceOrientationLandscapeLeft UIInterfaceOrientationLandscapeRight UIInterfaceOrientationPortrait UIInterfaceOrientationPortraitUpsideDown";
				INFOPLIST_KEY_UIUserInterfaceStyle = Light;
				IPHONEOS_DEPLOYMENT_TARGET = 16.0;
				LD_RUNPATH_SEARCH_PATHS = (
					"$(inherited)",
					"@executable_path/Frameworks",
				);
				MARKETING_VERSION = 1.0;
				PRODUCT_BUNDLE_IDENTIFIER = savitskyi.ScheduleSUICT;
				PRODUCT_NAME = "$(TARGET_NAME)";
				SUPPORTED_PLATFORMS = "iphoneos iphonesimulator";
				SUPPORTS_MACCATALYST = NO;
				SUPPORTS_MAC_DESIGNED_FOR_IPHONE_IPAD = NO;
				SWIFT_EMIT_LOC_STRINGS = YES;
				SWIFT_VERSION = 5.0;
				TARGETED_DEVICE_FAMILY = 1;
			};
			name = Debug;
		};
		6760AF2C2AC5C06C000434A6 /* Release */ = {
			isa = XCBuildConfiguration;
			buildSettings = {
				ASSETCATALOG_COMPILER_APPICON_NAME = AppIcon;
				ASSETCATALOG_COMPILER_GLOBAL_ACCENT_COLOR_NAME = AccentColor;
				ASSETCATALOG_COMPILER_INCLUDE_ALL_APPICON_ASSETS = NO;
				CODE_SIGN_STYLE = Automatic;
				CURRENT_PROJECT_VERSION = 1;
				DEVELOPMENT_ASSET_PATHS = "\"ScheduleSUICT/Preview Content\"";
				DEVELOPMENT_TEAM = 3A6QUB4V44;
				ENABLE_PREVIEWS = YES;
				GENERATE_INFOPLIST_FILE = YES;
				INFOPLIST_FILE = ScheduleSUICT/Info.plist;
				INFOPLIST_KEY_CFBundleDisplayName = "Розклад ДУІКТ";
				INFOPLIST_KEY_LSApplicationCategoryType = "public.app-category.productivity";
				INFOPLIST_KEY_UIApplicationSceneManifest_Generation = YES;
				INFOPLIST_KEY_UIApplicationSupportsIndirectInputEvents = YES;
				INFOPLIST_KEY_UILaunchScreen_Generation = YES;
				INFOPLIST_KEY_UISupportedInterfaceOrientations = UIInterfaceOrientationPortrait;
				INFOPLIST_KEY_UISupportedInterfaceOrientations_iPad = "UIInterfaceOrientationLandscapeLeft UIInterfaceOrientationLandscapeRight UIInterfaceOrientationPortrait UIInterfaceOrientationPortraitUpsideDown";
				INFOPLIST_KEY_UIUserInterfaceStyle = Light;
				IPHONEOS_DEPLOYMENT_TARGET = 16.0;
				LD_RUNPATH_SEARCH_PATHS = (
					"$(inherited)",
					"@executable_path/Frameworks",
				);
				MARKETING_VERSION = 1.0;
				PRODUCT_BUNDLE_IDENTIFIER = savitskyi.ScheduleSUICT;
				PRODUCT_NAME = "$(TARGET_NAME)";
				SUPPORTED_PLATFORMS = "iphoneos iphonesimulator";
				SUPPORTS_MACCATALYST = NO;
				SUPPORTS_MAC_DESIGNED_FOR_IPHONE_IPAD = NO;
				SWIFT_EMIT_LOC_STRINGS = YES;
				SWIFT_VERSION = 5.0;
				TARGETED_DEVICE_FAMILY = 1;
			};
			name = Release;
		};
/* End XCBuildConfiguration section */

/* Begin XCConfigurationList section */
		6760AF172AC5C06A000434A6 /* Build configuration list for PBXProject "ScheduleSUICT" */ = {
			isa = XCConfigurationList;
			buildConfigurations = (
				6760AF282AC5C06C000434A6 /* Debug */,
				6760AF292AC5C06C000434A6 /* Release */,
			);
			defaultConfigurationIsVisible = 0;
			defaultConfigurationName = Release;
		};
		6760AF2A2AC5C06C000434A6 /* Build configuration list for PBXNativeTarget "ScheduleSUICT" */ = {
			isa = XCConfigurationList;
			buildConfigurations = (
				6760AF2B2AC5C06C000434A6 /* Debug */,
				6760AF2C2AC5C06C000434A6 /* Release */,
			);
			defaultConfigurationIsVisible = 0;
			defaultConfigurationName = Release;
		};
/* End XCConfigurationList section */

/* Begin XCRemoteSwiftPackageReference section */
		6760AF412AC5DDDF000434A6 /* XCRemoteSwiftPackageReference "lottie-ios" */ = {
			isa = XCRemoteSwiftPackageReference;
			repositoryURL = "https://github.com/airbnb/lottie-ios.git";
			requirement = {
				kind = upToNextMajorVersion;
				minimumVersion = 4.3.2;
			};
		};
/* End XCRemoteSwiftPackageReference section */

/* Begin XCSwiftPackageProductDependency section */
		672142D12ACC8E60007FB14D /* Lottie */ = {
			isa = XCSwiftPackageProductDependency;
			package = 6760AF412AC5DDDF000434A6 /* XCRemoteSwiftPackageReference "lottie-ios" */;
			productName = Lottie;
		};
		6760AF422AC5DDDF000434A6 /* Lottie */ = {
			isa = XCSwiftPackageProductDependency;
			package = 6760AF412AC5DDDF000434A6 /* XCRemoteSwiftPackageReference "lottie-ios" */;
			productName = Lottie;
		};
/* End XCSwiftPackageProductDependency section */
	};
	rootObject = 6760AF142AC5C06A000434A6 /* Project object */;
}
